// !$*UTF8*$!
{
	archiveVersion = 1;
	classes = {
	};
	objectVersion = 46;
	objects = {

/* Begin PBXBuildFile section */
		AD00E8B1193484170032B9CD /* blue_text_bubble@2x.png in Resources */ = {isa = PBXBuildFile; fileRef = AD00E8AF193484170032B9CD /* blue_text_bubble@2x.png */; };
		AD00E8B2193484170032B9CD /* blue_text_bubble.png in Resources */ = {isa = PBXBuildFile; fileRef = AD00E8B0193484170032B9CD /* blue_text_bubble.png */; };
		AD0DF5E218F1F9CC00E0DE91 /* MapKit.framework in Frameworks */ = {isa = PBXBuildFile; fileRef = AD0DF5E118F1F9CC00E0DE91 /* MapKit.framework */; };
		AD4B7BBD1913B95800EFED68 /* WJLPkcsContext.m in Sources */ = {isa = PBXBuildFile; fileRef = AD4B7BBC1913B95800EFED68 /* WJLPkcsContext.m */; };
		AD4B7BC31913CB2900EFED68 /* Message.m in Sources */ = {isa = PBXBuildFile; fileRef = AD4B7BC21913CB2900EFED68 /* Message.m */; };
		AD70ACC718FA257F00FBBEC8 /* Peer.m in Sources */ = {isa = PBXBuildFile; fileRef = AD70ACC618FA257F00FBBEC8 /* Peer.m */; };
		AD79606B192155B90022EA58 /* greendot.png in Resources */ = {isa = PBXBuildFile; fileRef = AD79606A192155B90022EA58 /* greendot.png */; };
		AD79606D19215C590022EA58 /* greendot@2x.png in Resources */ = {isa = PBXBuildFile; fileRef = AD79606C19215C590022EA58 /* greendot@2x.png */; };
		AD79608819215E680022EA58 /* orangedot.png in Resources */ = {isa = PBXBuildFile; fileRef = AD79608619215E680022EA58 /* orangedot.png */; };
		AD79608919215E680022EA58 /* orangedot@2x.png in Resources */ = {isa = PBXBuildFile; fileRef = AD79608719215E680022EA58 /* orangedot@2x.png */; };
		AD79608E19215FCE0022EA58 /* greendotlocked.png in Resources */ = {isa = PBXBuildFile; fileRef = AD79608A19215FCE0022EA58 /* greendotlocked.png */; };
		AD79608F19215FCE0022EA58 /* greendotlocked@2x.png in Resources */ = {isa = PBXBuildFile; fileRef = AD79608B19215FCE0022EA58 /* greendotlocked@2x.png */; };
		AD79609019215FCE0022EA58 /* orangedotlocked.png in Resources */ = {isa = PBXBuildFile; fileRef = AD79608C19215FCE0022EA58 /* orangedotlocked.png */; };
		AD79609119215FCE0022EA58 /* orangedotlocked@2x.png in Resources */ = {isa = PBXBuildFile; fileRef = AD79608D19215FCE0022EA58 /* orangedotlocked@2x.png */; };
		AD796095192164880022EA58 /* addbutton.png in Resources */ = {isa = PBXBuildFile; fileRef = AD796093192164880022EA58 /* addbutton.png */; };
		AD796096192164880022EA58 /* addbutton@2x.png in Resources */ = {isa = PBXBuildFile; fileRef = AD796094192164880022EA58 /* addbutton@2x.png */; };
		AD796099192170780022EA58 /* header_sans_title.png in Resources */ = {isa = PBXBuildFile; fileRef = AD796097192170780022EA58 /* header_sans_title.png */; };
		AD79609A192170780022EA58 /* header_sans_title@2x.png in Resources */ = {isa = PBXBuildFile; fileRef = AD796098192170780022EA58 /* header_sans_title@2x.png */; };
		AD7960C41921821F0022EA58 /* icon10@2x.png in Resources */ = {isa = PBXBuildFile; fileRef = AD79609C1921821F0022EA58 /* icon10@2x.png */; };
		AD7960C51921821F0022EA58 /* icon11@2x.png in Resources */ = {isa = PBXBuildFile; fileRef = AD79609D1921821F0022EA58 /* icon11@2x.png */; };
		AD7960C61921821F0022EA58 /* icon12@2x.png in Resources */ = {isa = PBXBuildFile; fileRef = AD79609E1921821F0022EA58 /* icon12@2x.png */; };
		AD7960C71921821F0022EA58 /* icon13@2x.png in Resources */ = {isa = PBXBuildFile; fileRef = AD79609F1921821F0022EA58 /* icon13@2x.png */; };
		AD7960C81921821F0022EA58 /* icon14@2x.png in Resources */ = {isa = PBXBuildFile; fileRef = AD7960A01921821F0022EA58 /* icon14@2x.png */; };
		AD7960C91921821F0022EA58 /* icon15@2x.png in Resources */ = {isa = PBXBuildFile; fileRef = AD7960A11921821F0022EA58 /* icon15@2x.png */; };
		AD7960CA1921821F0022EA58 /* icon16@2x.png in Resources */ = {isa = PBXBuildFile; fileRef = AD7960A21921821F0022EA58 /* icon16@2x.png */; };
		AD7960CB1921821F0022EA58 /* icon17@2x.png in Resources */ = {isa = PBXBuildFile; fileRef = AD7960A31921821F0022EA58 /* icon17@2x.png */; };
		AD7960CC1921821F0022EA58 /* icon18@2x.png in Resources */ = {isa = PBXBuildFile; fileRef = AD7960A41921821F0022EA58 /* icon18@2x.png */; };
		AD7960CD1921821F0022EA58 /* icon19@2x.png in Resources */ = {isa = PBXBuildFile; fileRef = AD7960A51921821F0022EA58 /* icon19@2x.png */; };
		AD7960CE1921821F0022EA58 /* icon1@2x.png in Resources */ = {isa = PBXBuildFile; fileRef = AD7960A61921821F0022EA58 /* icon1@2x.png */; };
		AD7960CF1921821F0022EA58 /* icon20@2x.png in Resources */ = {isa = PBXBuildFile; fileRef = AD7960A71921821F0022EA58 /* icon20@2x.png */; };
		AD7960D01921821F0022EA58 /* icon21@2x.png in Resources */ = {isa = PBXBuildFile; fileRef = AD7960A81921821F0022EA58 /* icon21@2x.png */; };
		AD7960D11921821F0022EA58 /* icon22@2x.png in Resources */ = {isa = PBXBuildFile; fileRef = AD7960A91921821F0022EA58 /* icon22@2x.png */; };
		AD7960D21921821F0022EA58 /* icon23@2x.png in Resources */ = {isa = PBXBuildFile; fileRef = AD7960AA1921821F0022EA58 /* icon23@2x.png */; };
		AD7960D31921821F0022EA58 /* icon24@2x.png in Resources */ = {isa = PBXBuildFile; fileRef = AD7960AB1921821F0022EA58 /* icon24@2x.png */; };
		AD7960D41921821F0022EA58 /* icon25@2x.png in Resources */ = {isa = PBXBuildFile; fileRef = AD7960AC1921821F0022EA58 /* icon25@2x.png */; };
		AD7960D51921821F0022EA58 /* icon26@2x.png in Resources */ = {isa = PBXBuildFile; fileRef = AD7960AD1921821F0022EA58 /* icon26@2x.png */; };
		AD7960D61921821F0022EA58 /* icon27@2x.png in Resources */ = {isa = PBXBuildFile; fileRef = AD7960AE1921821F0022EA58 /* icon27@2x.png */; };
		AD7960D71921821F0022EA58 /* icon28@2x.png in Resources */ = {isa = PBXBuildFile; fileRef = AD7960AF1921821F0022EA58 /* icon28@2x.png */; };
		AD7960D81921821F0022EA58 /* icon29@2x.png in Resources */ = {isa = PBXBuildFile; fileRef = AD7960B01921821F0022EA58 /* icon29@2x.png */; };
		AD7960D91921821F0022EA58 /* icon2@2x.png in Resources */ = {isa = PBXBuildFile; fileRef = AD7960B11921821F0022EA58 /* icon2@2x.png */; };
		AD7960DA1921821F0022EA58 /* icon30@2x.png in Resources */ = {isa = PBXBuildFile; fileRef = AD7960B21921821F0022EA58 /* icon30@2x.png */; };
		AD7960DB1921821F0022EA58 /* icon31@2x.png in Resources */ = {isa = PBXBuildFile; fileRef = AD7960B31921821F0022EA58 /* icon31@2x.png */; };
		AD7960DC1921821F0022EA58 /* icon32@2x.png in Resources */ = {isa = PBXBuildFile; fileRef = AD7960B41921821F0022EA58 /* icon32@2x.png */; };
		AD7960DD1921821F0022EA58 /* icon33@2x.png in Resources */ = {isa = PBXBuildFile; fileRef = AD7960B51921821F0022EA58 /* icon33@2x.png */; };
		AD7960DE1921821F0022EA58 /* icon34@2x.png in Resources */ = {isa = PBXBuildFile; fileRef = AD7960B61921821F0022EA58 /* icon34@2x.png */; };
		AD7960DF1921821F0022EA58 /* icon35@2x.png in Resources */ = {isa = PBXBuildFile; fileRef = AD7960B71921821F0022EA58 /* icon35@2x.png */; };
		AD7960E01921821F0022EA58 /* icon36@2x.png in Resources */ = {isa = PBXBuildFile; fileRef = AD7960B81921821F0022EA58 /* icon36@2x.png */; };
		AD7960E11921821F0022EA58 /* icon37@2x.png in Resources */ = {isa = PBXBuildFile; fileRef = AD7960B91921821F0022EA58 /* icon37@2x.png */; };
		AD7960E21921821F0022EA58 /* icon38@2x.png in Resources */ = {isa = PBXBuildFile; fileRef = AD7960BA1921821F0022EA58 /* icon38@2x.png */; };
		AD7960E31921821F0022EA58 /* icon39@2x.png in Resources */ = {isa = PBXBuildFile; fileRef = AD7960BB1921821F0022EA58 /* icon39@2x.png */; };
		AD7960E41921821F0022EA58 /* icon3@2x.png in Resources */ = {isa = PBXBuildFile; fileRef = AD7960BC1921821F0022EA58 /* icon3@2x.png */; };
		AD7960E51921821F0022EA58 /* icon40@2x.png in Resources */ = {isa = PBXBuildFile; fileRef = AD7960BD1921821F0022EA58 /* icon40@2x.png */; };
		AD7960E61921821F0022EA58 /* icon4@2x.png in Resources */ = {isa = PBXBuildFile; fileRef = AD7960BE1921821F0022EA58 /* icon4@2x.png */; };
		AD7960E71921821F0022EA58 /* icon5@2x.png in Resources */ = {isa = PBXBuildFile; fileRef = AD7960BF1921821F0022EA58 /* icon5@2x.png */; };
		AD7960E81921821F0022EA58 /* icon6@2x.png in Resources */ = {isa = PBXBuildFile; fileRef = AD7960C01921821F0022EA58 /* icon6@2x.png */; };
		AD7960E91921821F0022EA58 /* icon7@2x.png in Resources */ = {isa = PBXBuildFile; fileRef = AD7960C11921821F0022EA58 /* icon7@2x.png */; };
		AD7960EA1921821F0022EA58 /* icon8@2x.png in Resources */ = {isa = PBXBuildFile; fileRef = AD7960C21921821F0022EA58 /* icon8@2x.png */; };
		AD7960EB1921821F0022EA58 /* icon9@2x.png in Resources */ = {isa = PBXBuildFile; fileRef = AD7960C31921821F0022EA58 /* icon9@2x.png */; };
		AD7960EE1921902D0022EA58 /* exitbutton.png in Resources */ = {isa = PBXBuildFile; fileRef = AD7960EC1921902D0022EA58 /* exitbutton.png */; };
		AD7960EF1921902D0022EA58 /* exitbutton@2x.png in Resources */ = {isa = PBXBuildFile; fileRef = AD7960ED1921902D0022EA58 /* exitbutton@2x.png */; };
		AD7960F21921A34D0022EA58 /* white_text_bubble.png in Resources */ = {isa = PBXBuildFile; fileRef = AD7960F01921A34D0022EA58 /* white_text_bubble.png */; };
		AD7960F31921A34D0022EA58 /* white_text_bubble@2x.png in Resources */ = {isa = PBXBuildFile; fileRef = AD7960F11921A34D0022EA58 /* white_text_bubble@2x.png */; };
		AD8D656218F1282800200485 /* ChatViewController.m in Sources */ = {isa = PBXBuildFile; fileRef = AD8D656118F1282800200485 /* ChatViewController.m */; };
		AD9C8519191F3AD200E23B7D /* header.png in Resources */ = {isa = PBXBuildFile; fileRef = AD9C8517191F3AD200E23B7D /* header.png */; };
		AD9C851A191F3AD200E23B7D /* header@2x.png in Resources */ = {isa = PBXBuildFile; fileRef = AD9C8518191F3AD200E23B7D /* header@2x.png */; };
		AD9C851E191F5C5300E23B7D /* FuturaStd-Medium.otf in Resources */ = {isa = PBXBuildFile; fileRef = AD9C851C191F5C5300E23B7D /* FuturaStd-Medium.otf */; };
		AD9C851F191F5C5300E23B7D /* Gotham-Medium.otf in Resources */ = {isa = PBXBuildFile; fileRef = AD9C851D191F5C5300E23B7D /* Gotham-Medium.otf */; };
		AD9C8521191F602B00E23B7D /* rowimage.png in Resources */ = {isa = PBXBuildFile; fileRef = AD9C8520191F602B00E23B7D /* rowimage.png */; };
		ADA5CFFF18F0B35E004CEE2C /* Foundation.framework in Frameworks */ = {isa = PBXBuildFile; fileRef = ADA5CFFE18F0B35E004CEE2C /* Foundation.framework */; };
		ADA5D00118F0B35E004CEE2C /* CoreGraphics.framework in Frameworks */ = {isa = PBXBuildFile; fileRef = ADA5D00018F0B35E004CEE2C /* CoreGraphics.framework */; };
		ADA5D00318F0B35E004CEE2C /* UIKit.framework in Frameworks */ = {isa = PBXBuildFile; fileRef = ADA5D00218F0B35E004CEE2C /* UIKit.framework */; };
		ADA5D00918F0B35E004CEE2C /* InfoPlist.strings in Resources */ = {isa = PBXBuildFile; fileRef = ADA5D00718F0B35E004CEE2C /* InfoPlist.strings */; };
		ADA5D00B18F0B35E004CEE2C /* main.m in Sources */ = {isa = PBXBuildFile; fileRef = ADA5D00A18F0B35E004CEE2C /* main.m */; };
		ADA5D00F18F0B35E004CEE2C /* AppDelegate.m in Sources */ = {isa = PBXBuildFile; fileRef = ADA5D00E18F0B35E004CEE2C /* AppDelegate.m */; };
		ADA5D01218F0B35E004CEE2C /* Main.storyboard in Resources */ = {isa = PBXBuildFile; fileRef = ADA5D01018F0B35E004CEE2C /* Main.storyboard */; };
		ADA5D01518F0B35E004CEE2C /* ProtestViewController.m in Sources */ = {isa = PBXBuildFile; fileRef = ADA5D01418F0B35E004CEE2C /* ProtestViewController.m */; };
		ADA5D01718F0B35E004CEE2C /* Images.xcassets in Resources */ = {isa = PBXBuildFile; fileRef = ADA5D01618F0B35E004CEE2C /* Images.xcassets */; };
		ADA5D01E18F0B35E004CEE2C /* XCTest.framework in Frameworks */ = {isa = PBXBuildFile; fileRef = ADA5D01D18F0B35E004CEE2C /* XCTest.framework */; };
		ADA5D01F18F0B35E004CEE2C /* Foundation.framework in Frameworks */ = {isa = PBXBuildFile; fileRef = ADA5CFFE18F0B35E004CEE2C /* Foundation.framework */; };
		ADA5D02018F0B35E004CEE2C /* UIKit.framework in Frameworks */ = {isa = PBXBuildFile; fileRef = ADA5D00218F0B35E004CEE2C /* UIKit.framework */; };
		ADA5D02818F0B35E004CEE2C /* InfoPlist.strings in Resources */ = {isa = PBXBuildFile; fileRef = ADA5D02618F0B35E004CEE2C /* InfoPlist.strings */; };
		ADA5D02A18F0B35E004CEE2C /* MCTestTests.m in Sources */ = {isa = PBXBuildFile; fileRef = ADA5D02918F0B35E004CEE2C /* MCTestTests.m */; };
		ADA5D03518F0B3FF004CEE2C /* ConnectionManager.m in Sources */ = {isa = PBXBuildFile; fileRef = ADA5D03418F0B3FF004CEE2C /* ConnectionManager.m */; };
		ADA625C01961605800D31B7C /* DAKeyboardControl.m in Sources */ = {isa = PBXBuildFile; fileRef = ADA625BF1961605800D31B7C /* DAKeyboardControl.m */; };
		ADA625CA1961F8E500D31B7C /* TPKeyboardAvoidingCollectionView.m in Sources */ = {isa = PBXBuildFile; fileRef = ADA625C31961F8E500D31B7C /* TPKeyboardAvoidingCollectionView.m */; };
		ADA625CB1961F8E500D31B7C /* TPKeyboardAvoidingScrollView.m in Sources */ = {isa = PBXBuildFile; fileRef = ADA625C51961F8E500D31B7C /* TPKeyboardAvoidingScrollView.m */; };
		ADA625CC1961F8E500D31B7C /* TPKeyboardAvoidingTableView.m in Sources */ = {isa = PBXBuildFile; fileRef = ADA625C71961F8E500D31B7C /* TPKeyboardAvoidingTableView.m */; };
		ADA625CD1961F8E500D31B7C /* UIScrollView+TPKeyboardAvoidingAdditions.m in Sources */ = {isa = PBXBuildFile; fileRef = ADA625C91961F8E500D31B7C /* UIScrollView+TPKeyboardAvoidingAdditions.m */; };
		ADB8701C1966B91E001FC2A0 /* ProtestConfigurationViewController.m in Sources */ = {isa = PBXBuildFile; fileRef = ADB8701B1966B91E001FC2A0 /* ProtestConfigurationViewController.m */; };
/* End PBXBuildFile section */

/* Begin PBXContainerItemProxy section */
		ADA5D02118F0B35E004CEE2C /* PBXContainerItemProxy */ = {
			isa = PBXContainerItemProxy;
			containerPortal = ADA5CFF318F0B35E004CEE2C /* Project object */;
			proxyType = 1;
			remoteGlobalIDString = ADA5CFFA18F0B35E004CEE2C;
			remoteInfo = MCTest;
		};
/* End PBXContainerItemProxy section */

/* Begin PBXFileReference section */
		AD00E8AF193484170032B9CD /* blue_text_bubble@2x.png */ = {isa = PBXFileReference; lastKnownFileType = image.png; path = "blue_text_bubble@2x.png"; sourceTree = "<group>"; };
		AD00E8B0193484170032B9CD /* blue_text_bubble.png */ = {isa = PBXFileReference; lastKnownFileType = image.png; path = blue_text_bubble.png; sourceTree = "<group>"; };
		AD0DF5E118F1F9CC00E0DE91 /* MapKit.framework */ = {isa = PBXFileReference; lastKnownFileType = wrapper.framework; name = MapKit.framework; path = System/Library/Frameworks/MapKit.framework; sourceTree = SDKROOT; };
		AD4B7BBB1913B95800EFED68 /* WJLPkcsContext.h */ = {isa = PBXFileReference; fileEncoding = 4; lastKnownFileType = sourcecode.c.h; path = WJLPkcsContext.h; sourceTree = "<group>"; };
		AD4B7BBC1913B95800EFED68 /* WJLPkcsContext.m */ = {isa = PBXFileReference; fileEncoding = 4; lastKnownFileType = sourcecode.c.objc; path = WJLPkcsContext.m; sourceTree = "<group>"; };
		AD4B7BC11913CB2900EFED68 /* Message.h */ = {isa = PBXFileReference; fileEncoding = 4; lastKnownFileType = sourcecode.c.h; name = Message.h; path = ../Message.h; sourceTree = "<group>"; };
		AD4B7BC21913CB2900EFED68 /* Message.m */ = {isa = PBXFileReference; fileEncoding = 4; lastKnownFileType = sourcecode.c.objc; name = Message.m; path = ../Message.m; sourceTree = "<group>"; };
		AD70ACC518FA257E00FBBEC8 /* Peer.h */ = {isa = PBXFileReference; fileEncoding = 4; lastKnownFileType = sourcecode.c.h; path = Peer.h; sourceTree = "<group>"; };
		AD70ACC618FA257F00FBBEC8 /* Peer.m */ = {isa = PBXFileReference; fileEncoding = 4; lastKnownFileType = sourcecode.c.objc; path = Peer.m; sourceTree = "<group>"; };
		AD79606A192155B90022EA58 /* greendot.png */ = {isa = PBXFileReference; lastKnownFileType = image.png; path = greendot.png; sourceTree = "<group>"; };
		AD79606C19215C590022EA58 /* greendot@2x.png */ = {isa = PBXFileReference; lastKnownFileType = image.png; path = "greendot@2x.png"; sourceTree = "<group>"; };
		AD79608619215E680022EA58 /* orangedot.png */ = {isa = PBXFileReference; lastKnownFileType = image.png; path = orangedot.png; sourceTree = "<group>"; };
		AD79608719215E680022EA58 /* orangedot@2x.png */ = {isa = PBXFileReference; lastKnownFileType = image.png; path = "orangedot@2x.png"; sourceTree = "<group>"; };
		AD79608A19215FCE0022EA58 /* greendotlocked.png */ = {isa = PBXFileReference; lastKnownFileType = image.png; path = greendotlocked.png; sourceTree = "<group>"; };
		AD79608B19215FCE0022EA58 /* greendotlocked@2x.png */ = {isa = PBXFileReference; lastKnownFileType = image.png; path = "greendotlocked@2x.png"; sourceTree = "<group>"; };
		AD79608C19215FCE0022EA58 /* orangedotlocked.png */ = {isa = PBXFileReference; lastKnownFileType = image.png; path = orangedotlocked.png; sourceTree = "<group>"; };
		AD79608D19215FCE0022EA58 /* orangedotlocked@2x.png */ = {isa = PBXFileReference; lastKnownFileType = image.png; path = "orangedotlocked@2x.png"; sourceTree = "<group>"; };
		AD796093192164880022EA58 /* addbutton.png */ = {isa = PBXFileReference; lastKnownFileType = image.png; path = addbutton.png; sourceTree = "<group>"; };
		AD796094192164880022EA58 /* addbutton@2x.png */ = {isa = PBXFileReference; lastKnownFileType = image.png; path = "addbutton@2x.png"; sourceTree = "<group>"; };
		AD796097192170780022EA58 /* header_sans_title.png */ = {isa = PBXFileReference; lastKnownFileType = image.png; path = header_sans_title.png; sourceTree = "<group>"; };
		AD796098192170780022EA58 /* header_sans_title@2x.png */ = {isa = PBXFileReference; lastKnownFileType = image.png; path = "header_sans_title@2x.png"; sourceTree = "<group>"; };
		AD79609C1921821F0022EA58 /* icon10@2x.png */ = {isa = PBXFileReference; lastKnownFileType = image.png; path = "icon10@2x.png"; sourceTree = "<group>"; };
		AD79609D1921821F0022EA58 /* icon11@2x.png */ = {isa = PBXFileReference; lastKnownFileType = image.png; path = "icon11@2x.png"; sourceTree = "<group>"; };
		AD79609E1921821F0022EA58 /* icon12@2x.png */ = {isa = PBXFileReference; lastKnownFileType = image.png; path = "icon12@2x.png"; sourceTree = "<group>"; };
		AD79609F1921821F0022EA58 /* icon13@2x.png */ = {isa = PBXFileReference; lastKnownFileType = image.png; path = "icon13@2x.png"; sourceTree = "<group>"; };
		AD7960A01921821F0022EA58 /* icon14@2x.png */ = {isa = PBXFileReference; lastKnownFileType = image.png; path = "icon14@2x.png"; sourceTree = "<group>"; };
		AD7960A11921821F0022EA58 /* icon15@2x.png */ = {isa = PBXFileReference; lastKnownFileType = image.png; path = "icon15@2x.png"; sourceTree = "<group>"; };
		AD7960A21921821F0022EA58 /* icon16@2x.png */ = {isa = PBXFileReference; lastKnownFileType = image.png; path = "icon16@2x.png"; sourceTree = "<group>"; };
		AD7960A31921821F0022EA58 /* icon17@2x.png */ = {isa = PBXFileReference; lastKnownFileType = image.png; path = "icon17@2x.png"; sourceTree = "<group>"; };
		AD7960A41921821F0022EA58 /* icon18@2x.png */ = {isa = PBXFileReference; lastKnownFileType = image.png; path = "icon18@2x.png"; sourceTree = "<group>"; };
		AD7960A51921821F0022EA58 /* icon19@2x.png */ = {isa = PBXFileReference; lastKnownFileType = image.png; path = "icon19@2x.png"; sourceTree = "<group>"; };
		AD7960A61921821F0022EA58 /* icon1@2x.png */ = {isa = PBXFileReference; lastKnownFileType = image.png; path = "icon1@2x.png"; sourceTree = "<group>"; };
		AD7960A71921821F0022EA58 /* icon20@2x.png */ = {isa = PBXFileReference; lastKnownFileType = image.png; path = "icon20@2x.png"; sourceTree = "<group>"; };
		AD7960A81921821F0022EA58 /* icon21@2x.png */ = {isa = PBXFileReference; lastKnownFileType = image.png; path = "icon21@2x.png"; sourceTree = "<group>"; };
		AD7960A91921821F0022EA58 /* icon22@2x.png */ = {isa = PBXFileReference; lastKnownFileType = image.png; path = "icon22@2x.png"; sourceTree = "<group>"; };
		AD7960AA1921821F0022EA58 /* icon23@2x.png */ = {isa = PBXFileReference; lastKnownFileType = image.png; path = "icon23@2x.png"; sourceTree = "<group>"; };
		AD7960AB1921821F0022EA58 /* icon24@2x.png */ = {isa = PBXFileReference; lastKnownFileType = image.png; path = "icon24@2x.png"; sourceTree = "<group>"; };
		AD7960AC1921821F0022EA58 /* icon25@2x.png */ = {isa = PBXFileReference; lastKnownFileType = image.png; path = "icon25@2x.png"; sourceTree = "<group>"; };
		AD7960AD1921821F0022EA58 /* icon26@2x.png */ = {isa = PBXFileReference; lastKnownFileType = image.png; path = "icon26@2x.png"; sourceTree = "<group>"; };
		AD7960AE1921821F0022EA58 /* icon27@2x.png */ = {isa = PBXFileReference; lastKnownFileType = image.png; path = "icon27@2x.png"; sourceTree = "<group>"; };
		AD7960AF1921821F0022EA58 /* icon28@2x.png */ = {isa = PBXFileReference; lastKnownFileType = image.png; path = "icon28@2x.png"; sourceTree = "<group>"; };
		AD7960B01921821F0022EA58 /* icon29@2x.png */ = {isa = PBXFileReference; lastKnownFileType = image.png; path = "icon29@2x.png"; sourceTree = "<group>"; };
		AD7960B11921821F0022EA58 /* icon2@2x.png */ = {isa = PBXFileReference; lastKnownFileType = image.png; path = "icon2@2x.png"; sourceTree = "<group>"; };
		AD7960B21921821F0022EA58 /* icon30@2x.png */ = {isa = PBXFileReference; lastKnownFileType = image.png; path = "icon30@2x.png"; sourceTree = "<group>"; };
		AD7960B31921821F0022EA58 /* icon31@2x.png */ = {isa = PBXFileReference; lastKnownFileType = image.png; path = "icon31@2x.png"; sourceTree = "<group>"; };
		AD7960B41921821F0022EA58 /* icon32@2x.png */ = {isa = PBXFileReference; lastKnownFileType = image.png; path = "icon32@2x.png"; sourceTree = "<group>"; };
		AD7960B51921821F0022EA58 /* icon33@2x.png */ = {isa = PBXFileReference; lastKnownFileType = image.png; path = "icon33@2x.png"; sourceTree = "<group>"; };
		AD7960B61921821F0022EA58 /* icon34@2x.png */ = {isa = PBXFileReference; lastKnownFileType = image.png; path = "icon34@2x.png"; sourceTree = "<group>"; };
		AD7960B71921821F0022EA58 /* icon35@2x.png */ = {isa = PBXFileReference; lastKnownFileType = image.png; path = "icon35@2x.png"; sourceTree = "<group>"; };
		AD7960B81921821F0022EA58 /* icon36@2x.png */ = {isa = PBXFileReference; lastKnownFileType = image.png; path = "icon36@2x.png"; sourceTree = "<group>"; };
		AD7960B91921821F0022EA58 /* icon37@2x.png */ = {isa = PBXFileReference; lastKnownFileType = image.png; path = "icon37@2x.png"; sourceTree = "<group>"; };
		AD7960BA1921821F0022EA58 /* icon38@2x.png */ = {isa = PBXFileReference; lastKnownFileType = image.png; path = "icon38@2x.png"; sourceTree = "<group>"; };
		AD7960BB1921821F0022EA58 /* icon39@2x.png */ = {isa = PBXFileReference; lastKnownFileType = image.png; path = "icon39@2x.png"; sourceTree = "<group>"; };
		AD7960BC1921821F0022EA58 /* icon3@2x.png */ = {isa = PBXFileReference; lastKnownFileType = image.png; path = "icon3@2x.png"; sourceTree = "<group>"; };
		AD7960BD1921821F0022EA58 /* icon40@2x.png */ = {isa = PBXFileReference; lastKnownFileType = image.png; path = "icon40@2x.png"; sourceTree = "<group>"; };
		AD7960BE1921821F0022EA58 /* icon4@2x.png */ = {isa = PBXFileReference; lastKnownFileType = image.png; path = "icon4@2x.png"; sourceTree = "<group>"; };
		AD7960BF1921821F0022EA58 /* icon5@2x.png */ = {isa = PBXFileReference; lastKnownFileType = image.png; path = "icon5@2x.png"; sourceTree = "<group>"; };
		AD7960C01921821F0022EA58 /* icon6@2x.png */ = {isa = PBXFileReference; lastKnownFileType = image.png; path = "icon6@2x.png"; sourceTree = "<group>"; };
		AD7960C11921821F0022EA58 /* icon7@2x.png */ = {isa = PBXFileReference; lastKnownFileType = image.png; path = "icon7@2x.png"; sourceTree = "<group>"; };
		AD7960C21921821F0022EA58 /* icon8@2x.png */ = {isa = PBXFileReference; lastKnownFileType = image.png; path = "icon8@2x.png"; sourceTree = "<group>"; };
		AD7960C31921821F0022EA58 /* icon9@2x.png */ = {isa = PBXFileReference; lastKnownFileType = image.png; path = "icon9@2x.png"; sourceTree = "<group>"; };
		AD7960EC1921902D0022EA58 /* exitbutton.png */ = {isa = PBXFileReference; lastKnownFileType = image.png; path = exitbutton.png; sourceTree = "<group>"; };
		AD7960ED1921902D0022EA58 /* exitbutton@2x.png */ = {isa = PBXFileReference; lastKnownFileType = image.png; path = "exitbutton@2x.png"; sourceTree = "<group>"; };
		AD7960F01921A34D0022EA58 /* white_text_bubble.png */ = {isa = PBXFileReference; lastKnownFileType = image.png; path = white_text_bubble.png; sourceTree = "<group>"; };
		AD7960F11921A34D0022EA58 /* white_text_bubble@2x.png */ = {isa = PBXFileReference; lastKnownFileType = image.png; path = "white_text_bubble@2x.png"; sourceTree = "<group>"; };
		AD8D656018F1282800200485 /* ChatViewController.h */ = {isa = PBXFileReference; fileEncoding = 4; lastKnownFileType = sourcecode.c.h; path = ChatViewController.h; sourceTree = "<group>"; };
		AD8D656118F1282800200485 /* ChatViewController.m */ = {isa = PBXFileReference; fileEncoding = 4; lastKnownFileType = sourcecode.c.objc; path = ChatViewController.m; sourceTree = "<group>"; };
		AD9C8517191F3AD200E23B7D /* header.png */ = {isa = PBXFileReference; lastKnownFileType = image.png; name = header.png; path = ../header.png; sourceTree = "<group>"; };
		AD9C8518191F3AD200E23B7D /* header@2x.png */ = {isa = PBXFileReference; lastKnownFileType = image.png; name = "header@2x.png"; path = "../header@2x.png"; sourceTree = "<group>"; };
		AD9C851C191F5C5300E23B7D /* FuturaStd-Medium.otf */ = {isa = PBXFileReference; lastKnownFileType = file; path = "FuturaStd-Medium.otf"; sourceTree = "<group>"; };
		AD9C851D191F5C5300E23B7D /* Gotham-Medium.otf */ = {isa = PBXFileReference; lastKnownFileType = file; path = "Gotham-Medium.otf"; sourceTree = "<group>"; };
		AD9C8520191F602B00E23B7D /* rowimage.png */ = {isa = PBXFileReference; lastKnownFileType = image.png; path = rowimage.png; sourceTree = "<group>"; };
		ADA5CFFB18F0B35E004CEE2C /* Protest.app */ = {isa = PBXFileReference; explicitFileType = wrapper.application; includeInIndex = 0; path = Protest.app; sourceTree = BUILT_PRODUCTS_DIR; };
		ADA5CFFE18F0B35E004CEE2C /* Foundation.framework */ = {isa = PBXFileReference; lastKnownFileType = wrapper.framework; name = Foundation.framework; path = System/Library/Frameworks/Foundation.framework; sourceTree = SDKROOT; };
		ADA5D00018F0B35E004CEE2C /* CoreGraphics.framework */ = {isa = PBXFileReference; lastKnownFileType = wrapper.framework; name = CoreGraphics.framework; path = System/Library/Frameworks/CoreGraphics.framework; sourceTree = SDKROOT; };
		ADA5D00218F0B35E004CEE2C /* UIKit.framework */ = {isa = PBXFileReference; lastKnownFileType = wrapper.framework; name = UIKit.framework; path = System/Library/Frameworks/UIKit.framework; sourceTree = SDKROOT; };
		ADA5D00618F0B35E004CEE2C /* Protest-Info.plist */ = {isa = PBXFileReference; lastKnownFileType = text.plist.xml; path = "Protest-Info.plist"; sourceTree = "<group>"; };
		ADA5D00818F0B35E004CEE2C /* en */ = {isa = PBXFileReference; lastKnownFileType = text.plist.strings; name = en; path = en.lproj/InfoPlist.strings; sourceTree = "<group>"; };
		ADA5D00A18F0B35E004CEE2C /* main.m */ = {isa = PBXFileReference; lastKnownFileType = sourcecode.c.objc; path = main.m; sourceTree = "<group>"; };
		ADA5D00C18F0B35E004CEE2C /* Protest-Prefix.pch */ = {isa = PBXFileReference; lastKnownFileType = sourcecode.c.h; path = "Protest-Prefix.pch"; sourceTree = "<group>"; };
		ADA5D00D18F0B35E004CEE2C /* AppDelegate.h */ = {isa = PBXFileReference; lastKnownFileType = sourcecode.c.h; path = AppDelegate.h; sourceTree = "<group>"; };
		ADA5D00E18F0B35E004CEE2C /* AppDelegate.m */ = {isa = PBXFileReference; lastKnownFileType = sourcecode.c.objc; path = AppDelegate.m; sourceTree = "<group>"; };
		ADA5D01118F0B35E004CEE2C /* Base */ = {isa = PBXFileReference; lastKnownFileType = file.storyboard; name = Base; path = Base.lproj/Main.storyboard; sourceTree = "<group>"; };
		ADA5D01318F0B35E004CEE2C /* ProtestViewController.h */ = {isa = PBXFileReference; lastKnownFileType = sourcecode.c.h; path = ProtestViewController.h; sourceTree = "<group>"; };
		ADA5D01418F0B35E004CEE2C /* ProtestViewController.m */ = {isa = PBXFileReference; lastKnownFileType = sourcecode.c.objc; path = ProtestViewController.m; sourceTree = "<group>"; };
		ADA5D01618F0B35E004CEE2C /* Images.xcassets */ = {isa = PBXFileReference; lastKnownFileType = folder.assetcatalog; path = Images.xcassets; sourceTree = "<group>"; };
		ADA5D01C18F0B35E004CEE2C /* ProtestTests.xctest */ = {isa = PBXFileReference; explicitFileType = wrapper.cfbundle; includeInIndex = 0; path = ProtestTests.xctest; sourceTree = BUILT_PRODUCTS_DIR; };
		ADA5D01D18F0B35E004CEE2C /* XCTest.framework */ = {isa = PBXFileReference; lastKnownFileType = wrapper.framework; name = XCTest.framework; path = Library/Frameworks/XCTest.framework; sourceTree = DEVELOPER_DIR; };
		ADA5D02518F0B35E004CEE2C /* ProtestTests-Info.plist */ = {isa = PBXFileReference; lastKnownFileType = text.plist.xml; path = "ProtestTests-Info.plist"; sourceTree = "<group>"; };
		ADA5D02718F0B35E004CEE2C /* en */ = {isa = PBXFileReference; lastKnownFileType = text.plist.strings; name = en; path = en.lproj/InfoPlist.strings; sourceTree = "<group>"; };
		ADA5D02918F0B35E004CEE2C /* MCTestTests.m */ = {isa = PBXFileReference; lastKnownFileType = sourcecode.c.objc; path = MCTestTests.m; sourceTree = "<group>"; };
		ADA5D03318F0B3FF004CEE2C /* ConnectionManager.h */ = {isa = PBXFileReference; fileEncoding = 4; lastKnownFileType = sourcecode.c.h; path = ConnectionManager.h; sourceTree = "<group>"; };
		ADA5D03418F0B3FF004CEE2C /* ConnectionManager.m */ = {isa = PBXFileReference; fileEncoding = 4; lastKnownFileType = sourcecode.c.objc; path = ConnectionManager.m; sourceTree = "<group>"; };
		ADA625BE1961605800D31B7C /* DAKeyboardControl.h */ = {isa = PBXFileReference; fileEncoding = 4; lastKnownFileType = sourcecode.c.h; path = DAKeyboardControl.h; sourceTree = "<group>"; };
		ADA625BF1961605800D31B7C /* DAKeyboardControl.m */ = {isa = PBXFileReference; fileEncoding = 4; lastKnownFileType = sourcecode.c.objc; path = DAKeyboardControl.m; sourceTree = "<group>"; };
		ADA625C21961F8E500D31B7C /* TPKeyboardAvoidingCollectionView.h */ = {isa = PBXFileReference; fileEncoding = 4; lastKnownFileType = sourcecode.c.h; path = TPKeyboardAvoidingCollectionView.h; sourceTree = "<group>"; };
		ADA625C31961F8E500D31B7C /* TPKeyboardAvoidingCollectionView.m */ = {isa = PBXFileReference; fileEncoding = 4; lastKnownFileType = sourcecode.c.objc; path = TPKeyboardAvoidingCollectionView.m; sourceTree = "<group>"; };
		ADA625C41961F8E500D31B7C /* TPKeyboardAvoidingScrollView.h */ = {isa = PBXFileReference; fileEncoding = 4; lastKnownFileType = sourcecode.c.h; path = TPKeyboardAvoidingScrollView.h; sourceTree = "<group>"; };
		ADA625C51961F8E500D31B7C /* TPKeyboardAvoidingScrollView.m */ = {isa = PBXFileReference; fileEncoding = 4; lastKnownFileType = sourcecode.c.objc; path = TPKeyboardAvoidingScrollView.m; sourceTree = "<group>"; };
		ADA625C61961F8E500D31B7C /* TPKeyboardAvoidingTableView.h */ = {isa = PBXFileReference; fileEncoding = 4; lastKnownFileType = sourcecode.c.h; path = TPKeyboardAvoidingTableView.h; sourceTree = "<group>"; };
		ADA625C71961F8E500D31B7C /* TPKeyboardAvoidingTableView.m */ = {isa = PBXFileReference; fileEncoding = 4; lastKnownFileType = sourcecode.c.objc; path = TPKeyboardAvoidingTableView.m; sourceTree = "<group>"; };
		ADA625C81961F8E500D31B7C /* UIScrollView+TPKeyboardAvoidingAdditions.h */ = {isa = PBXFileReference; fileEncoding = 4; lastKnownFileType = sourcecode.c.h; path = "UIScrollView+TPKeyboardAvoidingAdditions.h"; sourceTree = "<group>"; };
		ADA625C91961F8E500D31B7C /* UIScrollView+TPKeyboardAvoidingAdditions.m */ = {isa = PBXFileReference; fileEncoding = 4; lastKnownFileType = sourcecode.c.objc; path = "UIScrollView+TPKeyboardAvoidingAdditions.m"; sourceTree = "<group>"; };
		ADB8701A1966B91E001FC2A0 /* ProtestConfigurationViewController.h */ = {isa = PBXFileReference; fileEncoding = 4; lastKnownFileType = sourcecode.c.h; path = ProtestConfigurationViewController.h; sourceTree = "<group>"; };
		ADB8701B1966B91E001FC2A0 /* ProtestConfigurationViewController.m */ = {isa = PBXFileReference; fileEncoding = 4; lastKnownFileType = sourcecode.c.objc; path = ProtestConfigurationViewController.m; sourceTree = "<group>"; };
/* End PBXFileReference section */

/* Begin PBXFrameworksBuildPhase section */
		ADA5CFF818F0B35E004CEE2C /* Frameworks */ = {
			isa = PBXFrameworksBuildPhase;
			buildActionMask = 2147483647;
			files = (
				AD0DF5E218F1F9CC00E0DE91 /* MapKit.framework in Frameworks */,
				ADA5D00118F0B35E004CEE2C /* CoreGraphics.framework in Frameworks */,
				ADA5D00318F0B35E004CEE2C /* UIKit.framework in Frameworks */,
				ADA5CFFF18F0B35E004CEE2C /* Foundation.framework in Frameworks */,
			);
			runOnlyForDeploymentPostprocessing = 0;
		};
		ADA5D01918F0B35E004CEE2C /* Frameworks */ = {
			isa = PBXFrameworksBuildPhase;
			buildActionMask = 2147483647;
			files = (
				ADA5D01E18F0B35E004CEE2C /* XCTest.framework in Frameworks */,
				ADA5D02018F0B35E004CEE2C /* UIKit.framework in Frameworks */,
				ADA5D01F18F0B35E004CEE2C /* Foundation.framework in Frameworks */,
			);
			runOnlyForDeploymentPostprocessing = 0;
		};
/* End PBXFrameworksBuildPhase section */

/* Begin PBXGroup section */
		AD79609B1921821F0022EA58 /* chat_icons */ = {
			isa = PBXGroup;
			children = (
				AD79609C1921821F0022EA58 /* icon10@2x.png */,
				AD79609D1921821F0022EA58 /* icon11@2x.png */,
				AD79609E1921821F0022EA58 /* icon12@2x.png */,
				AD79609F1921821F0022EA58 /* icon13@2x.png */,
				AD7960A01921821F0022EA58 /* icon14@2x.png */,
				AD7960A11921821F0022EA58 /* icon15@2x.png */,
				AD7960A21921821F0022EA58 /* icon16@2x.png */,
				AD7960A31921821F0022EA58 /* icon17@2x.png */,
				AD7960A41921821F0022EA58 /* icon18@2x.png */,
				AD7960A51921821F0022EA58 /* icon19@2x.png */,
				AD7960A61921821F0022EA58 /* icon1@2x.png */,
				AD7960A71921821F0022EA58 /* icon20@2x.png */,
				AD7960A81921821F0022EA58 /* icon21@2x.png */,
				AD7960A91921821F0022EA58 /* icon22@2x.png */,
				AD7960AA1921821F0022EA58 /* icon23@2x.png */,
				AD7960AB1921821F0022EA58 /* icon24@2x.png */,
				AD7960AC1921821F0022EA58 /* icon25@2x.png */,
				AD7960AD1921821F0022EA58 /* icon26@2x.png */,
				AD7960AE1921821F0022EA58 /* icon27@2x.png */,
				AD7960AF1921821F0022EA58 /* icon28@2x.png */,
				AD7960B01921821F0022EA58 /* icon29@2x.png */,
				AD7960B11921821F0022EA58 /* icon2@2x.png */,
				AD7960B21921821F0022EA58 /* icon30@2x.png */,
				AD7960B31921821F0022EA58 /* icon31@2x.png */,
				AD7960B41921821F0022EA58 /* icon32@2x.png */,
				AD7960B51921821F0022EA58 /* icon33@2x.png */,
				AD7960B61921821F0022EA58 /* icon34@2x.png */,
				AD7960B71921821F0022EA58 /* icon35@2x.png */,
				AD7960B81921821F0022EA58 /* icon36@2x.png */,
				AD7960B91921821F0022EA58 /* icon37@2x.png */,
				AD7960BA1921821F0022EA58 /* icon38@2x.png */,
				AD7960BB1921821F0022EA58 /* icon39@2x.png */,
				AD7960BC1921821F0022EA58 /* icon3@2x.png */,
				AD7960BD1921821F0022EA58 /* icon40@2x.png */,
				AD7960BE1921821F0022EA58 /* icon4@2x.png */,
				AD7960BF1921821F0022EA58 /* icon5@2x.png */,
				AD7960C01921821F0022EA58 /* icon6@2x.png */,
				AD7960C11921821F0022EA58 /* icon7@2x.png */,
				AD7960C21921821F0022EA58 /* icon8@2x.png */,
				AD7960C31921821F0022EA58 /* icon9@2x.png */,
			);
			path = chat_icons;
			sourceTree = "<group>";
		};
		AD9C851B191F5C5300E23B7D /* Resources */ = {
			isa = PBXGroup;
			children = (
				AD00E8AF193484170032B9CD /* blue_text_bubble@2x.png */,
				AD00E8B0193484170032B9CD /* blue_text_bubble.png */,
				AD79609B1921821F0022EA58 /* chat_icons */,
				AD7960F01921A34D0022EA58 /* white_text_bubble.png */,
				AD7960F11921A34D0022EA58 /* white_text_bubble@2x.png */,
				AD7960EC1921902D0022EA58 /* exitbutton.png */,
				AD7960ED1921902D0022EA58 /* exitbutton@2x.png */,
				AD796097192170780022EA58 /* header_sans_title.png */,
				AD796098192170780022EA58 /* header_sans_title@2x.png */,
				AD796093192164880022EA58 /* addbutton.png */,
				AD796094192164880022EA58 /* addbutton@2x.png */,
				AD9C8517191F3AD200E23B7D /* header.png */,
				AD9C8518191F3AD200E23B7D /* header@2x.png */,
				AD79608A19215FCE0022EA58 /* greendotlocked.png */,
				AD79608B19215FCE0022EA58 /* greendotlocked@2x.png */,
				AD79608C19215FCE0022EA58 /* orangedotlocked.png */,
				AD79608D19215FCE0022EA58 /* orangedotlocked@2x.png */,
				AD79608619215E680022EA58 /* orangedot.png */,
				AD79608719215E680022EA58 /* orangedot@2x.png */,
				AD79606C19215C590022EA58 /* greendot@2x.png */,
				AD79606A192155B90022EA58 /* greendot.png */,
				AD9C8520191F602B00E23B7D /* rowimage.png */,
				AD9C851C191F5C5300E23B7D /* FuturaStd-Medium.otf */,
				AD9C851D191F5C5300E23B7D /* Gotham-Medium.otf */,
			);
			path = Resources;
			sourceTree = "<group>";
		};
		ADA5CFF218F0B35E004CEE2C = {
			isa = PBXGroup;
			children = (
				AD9C851B191F5C5300E23B7D /* Resources */,
				ADA5D00418F0B35E004CEE2C /* Protest */,
				ADA625BD1961605800D31B7C /* DAKeyboardControl */,
				ADA625C11961F8E500D31B7C /* TPKeyboardAvoiding */,
				ADA5D02318F0B35E004CEE2C /* ProtestTests */,
				ADA5CFFD18F0B35E004CEE2C /* Frameworks */,
				ADA5CFFC18F0B35E004CEE2C /* Products */,
			);
			sourceTree = "<group>";
		};
		ADA5CFFC18F0B35E004CEE2C /* Products */ = {
			isa = PBXGroup;
			children = (
				ADA5CFFB18F0B35E004CEE2C /* Protest.app */,
				ADA5D01C18F0B35E004CEE2C /* ProtestTests.xctest */,
			);
			name = Products;
			sourceTree = "<group>";
		};
		ADA5CFFD18F0B35E004CEE2C /* Frameworks */ = {
			isa = PBXGroup;
			children = (
				AD0DF5E118F1F9CC00E0DE91 /* MapKit.framework */,
				ADA5CFFE18F0B35E004CEE2C /* Foundation.framework */,
				ADA5D00018F0B35E004CEE2C /* CoreGraphics.framework */,
				ADA5D00218F0B35E004CEE2C /* UIKit.framework */,
				ADA5D01D18F0B35E004CEE2C /* XCTest.framework */,
			);
			name = Frameworks;
			sourceTree = "<group>";
		};
		ADA5D00418F0B35E004CEE2C /* Protest */ = {
			isa = PBXGroup;
			children = (
				AD4B7BC11913CB2900EFED68 /* Message.h */,
				AD4B7BC21913CB2900EFED68 /* Message.m */,
				ADA5D00D18F0B35E004CEE2C /* AppDelegate.h */,
				ADA5D00E18F0B35E004CEE2C /* AppDelegate.m */,
				ADA5D01018F0B35E004CEE2C /* Main.storyboard */,
				ADA5D01318F0B35E004CEE2C /* ProtestViewController.h */,
				ADA5D01418F0B35E004CEE2C /* ProtestViewController.m */,
				ADA5D01618F0B35E004CEE2C /* Images.xcassets */,
				ADA5D00518F0B35E004CEE2C /* Supporting Files */,
				ADA5D03318F0B3FF004CEE2C /* ConnectionManager.h */,
				ADA5D03418F0B3FF004CEE2C /* ConnectionManager.m */,
				AD70ACC518FA257E00FBBEC8 /* Peer.h */,
				AD70ACC618FA257F00FBBEC8 /* Peer.m */,
				AD8D656018F1282800200485 /* ChatViewController.h */,
				AD8D656118F1282800200485 /* ChatViewController.m */,
				ADB8701A1966B91E001FC2A0 /* ProtestConfigurationViewController.h */,
				ADB8701B1966B91E001FC2A0 /* ProtestConfigurationViewController.m */,
				ADC7A76E194129090023FB97 /* RSA */,
			);
			name = Protest;
			path = MCTest;
			sourceTree = "<group>";
		};
		ADA5D00518F0B35E004CEE2C /* Supporting Files */ = {
			isa = PBXGroup;
			children = (
				ADA5D00618F0B35E004CEE2C /* Protest-Info.plist */,
				ADA5D00718F0B35E004CEE2C /* InfoPlist.strings */,
				ADA5D00A18F0B35E004CEE2C /* main.m */,
				ADA5D00C18F0B35E004CEE2C /* Protest-Prefix.pch */,
			);
			name = "Supporting Files";
			sourceTree = "<group>";
		};
		ADA5D02318F0B35E004CEE2C /* ProtestTests */ = {
			isa = PBXGroup;
			children = (
				ADA5D02918F0B35E004CEE2C /* MCTestTests.m */,
				ADA5D02418F0B35E004CEE2C /* Supporting Files */,
			);
			name = ProtestTests;
			path = MCTestTests;
			sourceTree = "<group>";
		};
		ADA5D02418F0B35E004CEE2C /* Supporting Files */ = {
			isa = PBXGroup;
			children = (
				ADA5D02518F0B35E004CEE2C /* ProtestTests-Info.plist */,
				ADA5D02618F0B35E004CEE2C /* InfoPlist.strings */,
			);
			name = "Supporting Files";
			sourceTree = "<group>";
		};
		ADA625BD1961605800D31B7C /* DAKeyboardControl */ = {
			isa = PBXGroup;
			children = (
				ADA625BE1961605800D31B7C /* DAKeyboardControl.h */,
				ADA625BF1961605800D31B7C /* DAKeyboardControl.m */,
			);
			name = DAKeyboardControl;
			path = MCTest/DAKeyboardControl;
			sourceTree = "<group>";
		};
		ADA625C11961F8E500D31B7C /* TPKeyboardAvoiding */ = {
			isa = PBXGroup;
			children = (
				ADA625C21961F8E500D31B7C /* TPKeyboardAvoidingCollectionView.h */,
				ADA625C31961F8E500D31B7C /* TPKeyboardAvoidingCollectionView.m */,
				ADA625C41961F8E500D31B7C /* TPKeyboardAvoidingScrollView.h */,
				ADA625C51961F8E500D31B7C /* TPKeyboardAvoidingScrollView.m */,
				ADA625C61961F8E500D31B7C /* TPKeyboardAvoidingTableView.h */,
				ADA625C71961F8E500D31B7C /* TPKeyboardAvoidingTableView.m */,
				ADA625C81961F8E500D31B7C /* UIScrollView+TPKeyboardAvoidingAdditions.h */,
				ADA625C91961F8E500D31B7C /* UIScrollView+TPKeyboardAvoidingAdditions.m */,
			);
			name = TPKeyboardAvoiding;
			path = MCTest/TPKeyboardAvoiding;
			sourceTree = "<group>";
		};
		ADC7A76E194129090023FB97 /* RSA */ = {
			isa = PBXGroup;
			children = (
				AD4B7BBB1913B95800EFED68 /* WJLPkcsContext.h */,
				AD4B7BBC1913B95800EFED68 /* WJLPkcsContext.m */,
			);
			name = RSA;
			sourceTree = "<group>";
		};
/* End PBXGroup section */

/* Begin PBXNativeTarget section */
		ADA5CFFA18F0B35E004CEE2C /* Protest */ = {
			isa = PBXNativeTarget;
			buildConfigurationList = ADA5D02D18F0B35E004CEE2C /* Build configuration list for PBXNativeTarget "Protest" */;
			buildPhases = (
				ADA5CFF718F0B35E004CEE2C /* Sources */,
				ADA5CFF818F0B35E004CEE2C /* Frameworks */,
				ADA5CFF918F0B35E004CEE2C /* Resources */,
			);
			buildRules = (
			);
			dependencies = (
			);
			name = Protest;
			productName = MCTest;
			productReference = ADA5CFFB18F0B35E004CEE2C /* Protest.app */;
			productType = "com.apple.product-type.application";
		};
		ADA5D01B18F0B35E004CEE2C /* ProtestTests */ = {
			isa = PBXNativeTarget;
			buildConfigurationList = ADA5D03018F0B35E004CEE2C /* Build configuration list for PBXNativeTarget "ProtestTests" */;
			buildPhases = (
				ADA5D01818F0B35E004CEE2C /* Sources */,
				ADA5D01918F0B35E004CEE2C /* Frameworks */,
				ADA5D01A18F0B35E004CEE2C /* Resources */,
			);
			buildRules = (
			);
			dependencies = (
				ADA5D02218F0B35E004CEE2C /* PBXTargetDependency */,
			);
			name = ProtestTests;
			productName = MCTestTests;
			productReference = ADA5D01C18F0B35E004CEE2C /* ProtestTests.xctest */;
			productType = "com.apple.product-type.bundle.unit-test";
		};
/* End PBXNativeTarget section */

/* Begin PBXProject section */
		ADA5CFF318F0B35E004CEE2C /* Project object */ = {
			isa = PBXProject;
			attributes = {
				LastUpgradeCheck = 0510;
				ORGANIZATIONNAME = "John Rogers";
				TargetAttributes = {
					ADA5CFFA18F0B35E004CEE2C = {
						DevelopmentTeam = F24HVJVBZE;
					};
					ADA5D01B18F0B35E004CEE2C = {
						TestTargetID = ADA5CFFA18F0B35E004CEE2C;
					};
				};
			};
			buildConfigurationList = ADA5CFF618F0B35E004CEE2C /* Build configuration list for PBXProject "Protest" */;
			compatibilityVersion = "Xcode 3.2";
			developmentRegion = English;
			hasScannedForEncodings = 0;
			knownRegions = (
				en,
				Base,
			);
			mainGroup = ADA5CFF218F0B35E004CEE2C;
			productRefGroup = ADA5CFFC18F0B35E004CEE2C /* Products */;
			projectDirPath = "";
			projectRoot = "";
			targets = (
				ADA5CFFA18F0B35E004CEE2C /* Protest */,
				ADA5D01B18F0B35E004CEE2C /* ProtestTests */,
			);
		};
/* End PBXProject section */

/* Begin PBXResourcesBuildPhase section */
		ADA5CFF918F0B35E004CEE2C /* Resources */ = {
			isa = PBXResourcesBuildPhase;
			buildActionMask = 2147483647;
			files = (
				AD79608919215E680022EA58 /* orangedot@2x.png in Resources */,
				AD7960E51921821F0022EA58 /* icon40@2x.png in Resources */,
				AD7960CF1921821F0022EA58 /* icon20@2x.png in Resources */,
				AD7960DC1921821F0022EA58 /* icon32@2x.png in Resources */,
				AD7960EE1921902D0022EA58 /* exitbutton.png in Resources */,
				AD7960F31921A34D0022EA58 /* white_text_bubble@2x.png in Resources */,
				AD7960DB1921821F0022EA58 /* icon31@2x.png in Resources */,
				AD7960E01921821F0022EA58 /* icon36@2x.png in Resources */,
				AD9C851F191F5C5300E23B7D /* Gotham-Medium.otf in Resources */,
				AD00E8B1193484170032B9CD /* blue_text_bubble@2x.png in Resources */,
				AD9C8519191F3AD200E23B7D /* header.png in Resources */,
				AD7960D61921821F0022EA58 /* icon27@2x.png in Resources */,
				AD7960CE1921821F0022EA58 /* icon1@2x.png in Resources */,
				AD79606B192155B90022EA58 /* greendot.png in Resources */,
				AD7960EF1921902D0022EA58 /* exitbutton@2x.png in Resources */,
				AD79608E19215FCE0022EA58 /* greendotlocked.png in Resources */,
				AD79606D19215C590022EA58 /* greendot@2x.png in Resources */,
				AD7960D31921821F0022EA58 /* icon24@2x.png in Resources */,
				AD00E8B2193484170032B9CD /* blue_text_bubble.png in Resources */,
				AD7960DF1921821F0022EA58 /* icon35@2x.png in Resources */,
				AD7960CA1921821F0022EA58 /* icon16@2x.png in Resources */,
				AD7960E41921821F0022EA58 /* icon3@2x.png in Resources */,
				AD7960F21921A34D0022EA58 /* white_text_bubble.png in Resources */,
				AD7960E91921821F0022EA58 /* icon7@2x.png in Resources */,
				ADA5D01718F0B35E004CEE2C /* Images.xcassets in Resources */,
				AD7960E11921821F0022EA58 /* icon37@2x.png in Resources */,
				AD79609119215FCE0022EA58 /* orangedotlocked@2x.png in Resources */,
				AD9C851E191F5C5300E23B7D /* FuturaStd-Medium.otf in Resources */,
				AD7960CB1921821F0022EA58 /* icon17@2x.png in Resources */,
				AD7960E61921821F0022EA58 /* icon4@2x.png in Resources */,
				AD7960C51921821F0022EA58 /* icon11@2x.png in Resources */,
				ADA5D00918F0B35E004CEE2C /* InfoPlist.strings in Resources */,
				AD7960EA1921821F0022EA58 /* icon8@2x.png in Resources */,
				AD9C8521191F602B00E23B7D /* rowimage.png in Resources */,
				AD7960CD1921821F0022EA58 /* icon19@2x.png in Resources */,
				AD9C851A191F3AD200E23B7D /* header@2x.png in Resources */,
				AD7960C41921821F0022EA58 /* icon10@2x.png in Resources */,
				AD7960C61921821F0022EA58 /* icon12@2x.png in Resources */,
				AD7960C91921821F0022EA58 /* icon15@2x.png in Resources */,
				AD79608F19215FCE0022EA58 /* greendotlocked@2x.png in Resources */,
				AD7960DD1921821F0022EA58 /* icon33@2x.png in Resources */,
				AD7960D01921821F0022EA58 /* icon21@2x.png in Resources */,
				AD7960D41921821F0022EA58 /* icon25@2x.png in Resources */,
				AD7960E31921821F0022EA58 /* icon39@2x.png in Resources */,
				AD7960D81921821F0022EA58 /* icon29@2x.png in Resources */,
				AD7960C81921821F0022EA58 /* icon14@2x.png in Resources */,
				AD7960D91921821F0022EA58 /* icon2@2x.png in Resources */,
				AD7960CC1921821F0022EA58 /* icon18@2x.png in Resources */,
				AD796096192164880022EA58 /* addbutton@2x.png in Resources */,
				AD7960EB1921821F0022EA58 /* icon9@2x.png in Resources */,
				AD79608819215E680022EA58 /* orangedot.png in Resources */,
				AD7960E81921821F0022EA58 /* icon6@2x.png in Resources */,
				AD7960D11921821F0022EA58 /* icon22@2x.png in Resources */,
				AD7960DA1921821F0022EA58 /* icon30@2x.png in Resources */,
				AD7960D51921821F0022EA58 /* icon26@2x.png in Resources */,
				AD79609019215FCE0022EA58 /* orangedotlocked.png in Resources */,
				ADA5D01218F0B35E004CEE2C /* Main.storyboard in Resources */,
				AD7960D71921821F0022EA58 /* icon28@2x.png in Resources */,
				AD7960DE1921821F0022EA58 /* icon34@2x.png in Resources */,
				AD7960E21921821F0022EA58 /* icon38@2x.png in Resources */,
				AD7960E71921821F0022EA58 /* icon5@2x.png in Resources */,
				AD796099192170780022EA58 /* header_sans_title.png in Resources */,
				AD7960D21921821F0022EA58 /* icon23@2x.png in Resources */,
				AD7960C71921821F0022EA58 /* icon13@2x.png in Resources */,
				AD796095192164880022EA58 /* addbutton.png in Resources */,
				AD79609A192170780022EA58 /* header_sans_title@2x.png in Resources */,
			);
			runOnlyForDeploymentPostprocessing = 0;
		};
		ADA5D01A18F0B35E004CEE2C /* Resources */ = {
			isa = PBXResourcesBuildPhase;
			buildActionMask = 2147483647;
			files = (
				ADA5D02818F0B35E004CEE2C /* InfoPlist.strings in Resources */,
			);
			runOnlyForDeploymentPostprocessing = 0;
		};
/* End PBXResourcesBuildPhase section */

/* Begin PBXSourcesBuildPhase section */
		ADA5CFF718F0B35E004CEE2C /* Sources */ = {
			isa = PBXSourcesBuildPhase;
			buildActionMask = 2147483647;
			files = (
				ADA625CA1961F8E500D31B7C /* TPKeyboardAvoidingCollectionView.m in Sources */,
				AD70ACC718FA257F00FBBEC8 /* Peer.m in Sources */,
				ADA625C01961605800D31B7C /* DAKeyboardControl.m in Sources */,
				ADB8701C1966B91E001FC2A0 /* ProtestConfigurationViewController.m in Sources */,
				ADA625CD1961F8E500D31B7C /* UIScrollView+TPKeyboardAvoidingAdditions.m in Sources */,
				ADA5D01518F0B35E004CEE2C /* ProtestViewController.m in Sources */,
				AD4B7BC31913CB2900EFED68 /* Message.m in Sources */,
				ADA625CB1961F8E500D31B7C /* TPKeyboardAvoidingScrollView.m in Sources */,
				ADA5D03518F0B3FF004CEE2C /* ConnectionManager.m in Sources */,
				AD4B7BBD1913B95800EFED68 /* WJLPkcsContext.m in Sources */,
				AD8D656218F1282800200485 /* ChatViewController.m in Sources */,
				ADA625CC1961F8E500D31B7C /* TPKeyboardAvoidingTableView.m in Sources */,
				ADA5D00F18F0B35E004CEE2C /* AppDelegate.m in Sources */,
				ADA5D00B18F0B35E004CEE2C /* main.m in Sources */,
			);
			runOnlyForDeploymentPostprocessing = 0;
		};
		ADA5D01818F0B35E004CEE2C /* Sources */ = {
			isa = PBXSourcesBuildPhase;
			buildActionMask = 2147483647;
			files = (
				ADA5D02A18F0B35E004CEE2C /* MCTestTests.m in Sources */,
			);
			runOnlyForDeploymentPostprocessing = 0;
		};
/* End PBXSourcesBuildPhase section */

/* Begin PBXTargetDependency section */
		ADA5D02218F0B35E004CEE2C /* PBXTargetDependency */ = {
			isa = PBXTargetDependency;
			target = ADA5CFFA18F0B35E004CEE2C /* Protest */;
			targetProxy = ADA5D02118F0B35E004CEE2C /* PBXContainerItemProxy */;
		};
/* End PBXTargetDependency section */

/* Begin PBXVariantGroup section */
		ADA5D00718F0B35E004CEE2C /* InfoPlist.strings */ = {
			isa = PBXVariantGroup;
			children = (
				ADA5D00818F0B35E004CEE2C /* en */,
			);
			name = InfoPlist.strings;
			sourceTree = "<group>";
		};
		ADA5D01018F0B35E004CEE2C /* Main.storyboard */ = {
			isa = PBXVariantGroup;
			children = (
				ADA5D01118F0B35E004CEE2C /* Base */,
			);
			name = Main.storyboard;
			sourceTree = "<group>";
		};
		ADA5D02618F0B35E004CEE2C /* InfoPlist.strings */ = {
			isa = PBXVariantGroup;
			children = (
				ADA5D02718F0B35E004CEE2C /* en */,
			);
			name = InfoPlist.strings;
			sourceTree = "<group>";
		};
/* End PBXVariantGroup section */

/* Begin XCBuildConfiguration section */
		ADA5D02B18F0B35E004CEE2C /* Debug */ = {
			isa = XCBuildConfiguration;
			buildSettings = {
				ALWAYS_SEARCH_USER_PATHS = NO;
				CLANG_CXX_LANGUAGE_STANDARD = "gnu++0x";
				CLANG_CXX_LIBRARY = "libc++";
				CLANG_ENABLE_MODULES = YES;
				CLANG_ENABLE_OBJC_ARC = YES;
				CLANG_WARN_BOOL_CONVERSION = YES;
				CLANG_WARN_CONSTANT_CONVERSION = YES;
				CLANG_WARN_DIRECT_OBJC_ISA_USAGE = YES_ERROR;
				CLANG_WARN_EMPTY_BODY = YES;
				CLANG_WARN_ENUM_CONVERSION = YES;
				CLANG_WARN_INT_CONVERSION = YES;
				CLANG_WARN_OBJC_ROOT_CLASS = YES_ERROR;
				CLANG_WARN__DUPLICATE_METHOD_MATCH = YES;
				"CODE_SIGN_IDENTITY[sdk=iphoneos*]" = "iPhone Developer";
				COPY_PHASE_STRIP = NO;
				GCC_C_LANGUAGE_STANDARD = gnu99;
				GCC_DYNAMIC_NO_PIC = NO;
				GCC_OPTIMIZATION_LEVEL = 0;
				GCC_PREPROCESSOR_DEFINITIONS = (
					"DEBUG=1",
					"$(inherited)",
				);
				GCC_SYMBOLS_PRIVATE_EXTERN = NO;
				GCC_WARN_64_TO_32_BIT_CONVERSION = YES;
				GCC_WARN_ABOUT_RETURN_TYPE = YES_ERROR;
				GCC_WARN_UNDECLARED_SELECTOR = YES;
				GCC_WARN_UNINITIALIZED_AUTOS = YES_AGGRESSIVE;
				GCC_WARN_UNUSED_FUNCTION = YES;
				GCC_WARN_UNUSED_VARIABLE = YES;
				IPHONEOS_DEPLOYMENT_TARGET = 7.1;
				ONLY_ACTIVE_ARCH = YES;
				SDKROOT = iphoneos;
			};
			name = Debug;
		};
		ADA5D02C18F0B35E004CEE2C /* Release */ = {
			isa = XCBuildConfiguration;
			buildSettings = {
				ALWAYS_SEARCH_USER_PATHS = NO;
				CLANG_CXX_LANGUAGE_STANDARD = "gnu++0x";
				CLANG_CXX_LIBRARY = "libc++";
				CLANG_ENABLE_MODULES = YES;
				CLANG_ENABLE_OBJC_ARC = YES;
				CLANG_WARN_BOOL_CONVERSION = YES;
				CLANG_WARN_CONSTANT_CONVERSION = YES;
				CLANG_WARN_DIRECT_OBJC_ISA_USAGE = YES_ERROR;
				CLANG_WARN_EMPTY_BODY = YES;
				CLANG_WARN_ENUM_CONVERSION = YES;
				CLANG_WARN_INT_CONVERSION = YES;
				CLANG_WARN_OBJC_ROOT_CLASS = YES_ERROR;
				CLANG_WARN__DUPLICATE_METHOD_MATCH = YES;
				"CODE_SIGN_IDENTITY[sdk=iphoneos*]" = "iPhone Developer";
				COPY_PHASE_STRIP = YES;
				ENABLE_NS_ASSERTIONS = NO;
				GCC_C_LANGUAGE_STANDARD = gnu99;
				GCC_WARN_64_TO_32_BIT_CONVERSION = YES;
				GCC_WARN_ABOUT_RETURN_TYPE = YES_ERROR;
				GCC_WARN_UNDECLARED_SELECTOR = YES;
				GCC_WARN_UNINITIALIZED_AUTOS = YES_AGGRESSIVE;
				GCC_WARN_UNUSED_FUNCTION = YES;
				GCC_WARN_UNUSED_VARIABLE = YES;
				IPHONEOS_DEPLOYMENT_TARGET = 7.1;
				SDKROOT = iphoneos;
				VALIDATE_PRODUCT = YES;
			};
			name = Release;
		};
		ADA5D02E18F0B35E004CEE2C /* Debug */ = {
			isa = XCBuildConfiguration;
			buildSettings = {
				ASSETCATALOG_COMPILER_APPICON_NAME = AppIcon;
				ASSETCATALOG_COMPILER_LAUNCHIMAGE_NAME = LaunchImage;
				CODE_SIGN_IDENTITY = "iPhone Developer";
				"CODE_SIGN_IDENTITY[sdk=iphoneos*]" = "iPhone Developer";
				GCC_PRECOMPILE_PREFIX_HEADER = YES;
				GCC_PREFIX_HEADER = "MCTest/Protest-Prefix.pch";
				INFOPLIST_FILE = "MCTest/Protest-Info.plist";
				PRODUCT_NAME = Protest;
				PROVISIONING_PROFILE = "";
				WRAPPER_EXTENSION = app;
			};
			name = Debug;
		};
		ADA5D02F18F0B35E004CEE2C /* Release */ = {
			isa = XCBuildConfiguration;
			buildSettings = {
				ASSETCATALOG_COMPILER_APPICON_NAME = AppIcon;
				ASSETCATALOG_COMPILER_LAUNCHIMAGE_NAME = LaunchImage;
				CODE_SIGN_IDENTITY = "iPhone Developer";
				"CODE_SIGN_IDENTITY[sdk=iphoneos*]" = "iPhone Developer";
				GCC_PRECOMPILE_PREFIX_HEADER = YES;
				GCC_PREFIX_HEADER = "MCTest/Protest-Prefix.pch";
				INFOPLIST_FILE = "MCTest/Protest-Info.plist";
				PRODUCT_NAME = Protest;
				PROVISIONING_PROFILE = "";
				WRAPPER_EXTENSION = app;
			};
			name = Release;
		};
		ADA5D03118F0B35E004CEE2C /* Debug */ = {
			isa = XCBuildConfiguration;
			buildSettings = {
				BUNDLE_LOADER = "$(BUILT_PRODUCTS_DIR)/MCTest.app/MCTest";
				FRAMEWORK_SEARCH_PATHS = (
					"$(SDKROOT)/Developer/Library/Frameworks",
					"$(inherited)",
					"$(DEVELOPER_FRAMEWORKS_DIR)",
				);
				GCC_PRECOMPILE_PREFIX_HEADER = YES;
				GCC_PREFIX_HEADER = "MCTest/MCTest-Prefix.pch";
				GCC_PREPROCESSOR_DEFINITIONS = (
					"DEBUG=1",
					"$(inherited)",
				);
				INFOPLIST_FILE = "MCTestTests/ProtestTests-Info.plist";
				PRODUCT_NAME = ProtestTests;
				TEST_HOST = "$(BUNDLE_LOADER)";
				WRAPPER_EXTENSION = xctest;
			};
			name = Debug;
		};
		ADA5D03218F0B35E004CEE2C /* Release */ = {
			isa = XCBuildConfiguration;
			buildSettings = {
				BUNDLE_LOADER = "$(BUILT_PRODUCTS_DIR)/MCTest.app/MCTest";
				FRAMEWORK_SEARCH_PATHS = (
					"$(SDKROOT)/Developer/Library/Frameworks",
					"$(inherited)",
					"$(DEVELOPER_FRAMEWORKS_DIR)",
				);
				GCC_PRECOMPILE_PREFIX_HEADER = YES;
				GCC_PREFIX_HEADER = "MCTest/MCTest-Prefix.pch";
				INFOPLIST_FILE = "MCTestTests/ProtestTests-Info.plist";
				PRODUCT_NAME = ProtestTests;
				TEST_HOST = "$(BUNDLE_LOADER)";
				WRAPPER_EXTENSION = xctest;
			};
			name = Release;
		};
/* End XCBuildConfiguration section */

/* Begin XCConfigurationList section */
		ADA5CFF618F0B35E004CEE2C /* Build configuration list for PBXProject "Protest" */ = {
			isa = XCConfigurationList;
			buildConfigurations = (
				ADA5D02B18F0B35E004CEE2C /* Debug */,
				ADA5D02C18F0B35E004CEE2C /* Release */,
			);
			defaultConfigurationIsVisible = 0;
			defaultConfigurationName = Release;
		};
		ADA5D02D18F0B35E004CEE2C /* Build configuration list for PBXNativeTarget "Protest" */ = {
			isa = XCConfigurationList;
			buildConfigurations = (
				ADA5D02E18F0B35E004CEE2C /* Debug */,
				ADA5D02F18F0B35E004CEE2C /* Release */,
			);
			defaultConfigurationIsVisible = 0;
			defaultConfigurationName = Release;
		};
		ADA5D03018F0B35E004CEE2C /* Build configuration list for PBXNativeTarget "ProtestTests" */ = {
			isa = XCConfigurationList;
			buildConfigurations = (
				ADA5D03118F0B35E004CEE2C /* Debug */,
				ADA5D03218F0B35E004CEE2C /* Release */,
			);
			defaultConfigurationIsVisible = 0;
			defaultConfigurationName = Release;
		};
/* End XCConfigurationList section */
	};
	rootObject = ADA5CFF318F0B35E004CEE2C /* Project object */;
}
