// !$*UTF8*$!
{
	archiveVersion = 1;
	classes = {
	};
	objectVersion = 46;
	objects = {

/* Begin PBXBuildFile section */
		AD42C37019B62BF200D191CE /* Foundation.framework in Frameworks */ = {isa = PBXBuildFile; fileRef = AD42C36F19B62BF200D191CE /* Foundation.framework */; };
		AD42C37219B62BF200D191CE /* CoreGraphics.framework in Frameworks */ = {isa = PBXBuildFile; fileRef = AD42C37119B62BF200D191CE /* CoreGraphics.framework */; };
		AD42C37419B62BF200D191CE /* UIKit.framework in Frameworks */ = {isa = PBXBuildFile; fileRef = AD42C37319B62BF200D191CE /* UIKit.framework */; };
		AD42C37A19B62BF200D191CE /* InfoPlist.strings in Resources */ = {isa = PBXBuildFile; fileRef = AD42C37819B62BF200D191CE /* InfoPlist.strings */; };
		AD42C37C19B62BF200D191CE /* main.m in Sources */ = {isa = PBXBuildFile; fileRef = AD42C37B19B62BF200D191CE /* main.m */; };
		AD42C38019B62BF200D191CE /* AppDelegate.m in Sources */ = {isa = PBXBuildFile; fileRef = AD42C37F19B62BF200D191CE /* AppDelegate.m */; };
		AD42C38319B62BF200D191CE /* Main_iPhone.storyboard in Resources */ = {isa = PBXBuildFile; fileRef = AD42C38119B62BF200D191CE /* Main_iPhone.storyboard */; };
		AD42C38619B62BF200D191CE /* Main_iPad.storyboard in Resources */ = {isa = PBXBuildFile; fileRef = AD42C38419B62BF200D191CE /* Main_iPad.storyboard */; };
		AD42C38919B62BF200D191CE /* ViewController.m in Sources */ = {isa = PBXBuildFile; fileRef = AD42C38819B62BF200D191CE /* ViewController.m */; };
		AD42C38B19B62BF200D191CE /* Images.xcassets in Resources */ = {isa = PBXBuildFile; fileRef = AD42C38A19B62BF200D191CE /* Images.xcassets */; };
		AD42C39219B62BF200D191CE /* XCTest.framework in Frameworks */ = {isa = PBXBuildFile; fileRef = AD42C39119B62BF200D191CE /* XCTest.framework */; };
		AD42C39319B62BF200D191CE /* Foundation.framework in Frameworks */ = {isa = PBXBuildFile; fileRef = AD42C36F19B62BF200D191CE /* Foundation.framework */; };
		AD42C39419B62BF200D191CE /* UIKit.framework in Frameworks */ = {isa = PBXBuildFile; fileRef = AD42C37319B62BF200D191CE /* UIKit.framework */; };
		AD42C39C19B62BF200D191CE /* InfoPlist.strings in Resources */ = {isa = PBXBuildFile; fileRef = AD42C39A19B62BF200D191CE /* InfoPlist.strings */; };
		AD42C39E19B62BF200D191CE /* ProtestTests.m in Sources */ = {isa = PBXBuildFile; fileRef = AD42C39D19B62BF200D191CE /* ProtestTests.m */; };
		AD42C41219B62CFE00D191CE /* ChatViewController.m in Sources */ = {isa = PBXBuildFile; fileRef = AD42C3A819B62CFE00D191CE /* ChatViewController.m */; };
		AD42C41319B62CFE00D191CE /* ConnectionManager.m in Sources */ = {isa = PBXBuildFile; fileRef = AD42C3AA19B62CFE00D191CE /* ConnectionManager.m */; };
		AD42C41419B62CFE00D191CE /* CryptoManager.m in Sources */ = {isa = PBXBuildFile; fileRef = AD42C3AC19B62CFE00D191CE /* CryptoManager.m */; };
		AD42C41519B62CFE00D191CE /* Message.m in Sources */ = {isa = PBXBuildFile; fileRef = AD42C3AE19B62CFE00D191CE /* Message.m */; };
		AD42C41619B62CFE00D191CE /* MimicManager.m in Sources */ = {isa = PBXBuildFile; fileRef = AD42C3B019B62CFE00D191CE /* MimicManager.m */; };
		AD42C41719B62CFE00D191CE /* Peer.m in Sources */ = {isa = PBXBuildFile; fileRef = AD42C3B219B62CFE00D191CE /* Peer.m */; };
		AD42C41819B62CFE00D191CE /* ProtestConfigViewController.m in Sources */ = {isa = PBXBuildFile; fileRef = AD42C3B419B62CFE00D191CE /* ProtestConfigViewController.m */; };
		AD42C41A19B62CFE00D191CE /* addbutton.png in Resources */ = {isa = PBXBuildFile; fileRef = AD42C3B819B62CFE00D191CE /* addbutton.png */; };
		AD42C41B19B62CFE00D191CE /* addbutton@2x.png in Resources */ = {isa = PBXBuildFile; fileRef = AD42C3B919B62CFE00D191CE /* addbutton@2x.png */; };
		AD42C41C19B62CFE00D191CE /* blue_text_bubble.png in Resources */ = {isa = PBXBuildFile; fileRef = AD42C3BA19B62CFE00D191CE /* blue_text_bubble.png */; };
		AD42C41D19B62CFE00D191CE /* blue_text_bubble@2x.png in Resources */ = {isa = PBXBuildFile; fileRef = AD42C3BB19B62CFE00D191CE /* blue_text_bubble@2x.png */; };
		AD42C42019B62CFE00D191CE /* icon10@2x.png in Resources */ = {isa = PBXBuildFile; fileRef = AD42C3BF19B62CFE00D191CE /* icon10@2x.png */; };
		AD42C42119B62CFE00D191CE /* icon11@2x.png in Resources */ = {isa = PBXBuildFile; fileRef = AD42C3C019B62CFE00D191CE /* icon11@2x.png */; };
		AD42C42219B62CFE00D191CE /* icon12@2x.png in Resources */ = {isa = PBXBuildFile; fileRef = AD42C3C119B62CFE00D191CE /* icon12@2x.png */; };
		AD42C42319B62CFE00D191CE /* icon13@2x.png in Resources */ = {isa = PBXBuildFile; fileRef = AD42C3C219B62CFE00D191CE /* icon13@2x.png */; };
		AD42C42419B62CFE00D191CE /* icon14@2x.png in Resources */ = {isa = PBXBuildFile; fileRef = AD42C3C319B62CFE00D191CE /* icon14@2x.png */; };
		AD42C42519B62CFE00D191CE /* icon15@2x.png in Resources */ = {isa = PBXBuildFile; fileRef = AD42C3C419B62CFE00D191CE /* icon15@2x.png */; };
		AD42C42619B62CFE00D191CE /* icon16@2x.png in Resources */ = {isa = PBXBuildFile; fileRef = AD42C3C519B62CFE00D191CE /* icon16@2x.png */; };
		AD42C42719B62CFE00D191CE /* icon17@2x.png in Resources */ = {isa = PBXBuildFile; fileRef = AD42C3C619B62CFE00D191CE /* icon17@2x.png */; };
		AD42C42819B62CFE00D191CE /* icon18@2x.png in Resources */ = {isa = PBXBuildFile; fileRef = AD42C3C719B62CFE00D191CE /* icon18@2x.png */; };
		AD42C42919B62CFE00D191CE /* icon19@2x.png in Resources */ = {isa = PBXBuildFile; fileRef = AD42C3C819B62CFE00D191CE /* icon19@2x.png */; };
		AD42C42A19B62CFE00D191CE /* icon1@2x.png in Resources */ = {isa = PBXBuildFile; fileRef = AD42C3C919B62CFE00D191CE /* icon1@2x.png */; };
		AD42C42B19B62CFE00D191CE /* icon20@2x.png in Resources */ = {isa = PBXBuildFile; fileRef = AD42C3CA19B62CFE00D191CE /* icon20@2x.png */; };
		AD42C42C19B62CFE00D191CE /* icon21@2x.png in Resources */ = {isa = PBXBuildFile; fileRef = AD42C3CB19B62CFE00D191CE /* icon21@2x.png */; };
		AD42C42D19B62CFE00D191CE /* icon22@2x.png in Resources */ = {isa = PBXBuildFile; fileRef = AD42C3CC19B62CFE00D191CE /* icon22@2x.png */; };
		AD42C42E19B62CFE00D191CE /* icon23@2x.png in Resources */ = {isa = PBXBuildFile; fileRef = AD42C3CD19B62CFE00D191CE /* icon23@2x.png */; };
		AD42C42F19B62CFE00D191CE /* icon24@2x.png in Resources */ = {isa = PBXBuildFile; fileRef = AD42C3CE19B62CFE00D191CE /* icon24@2x.png */; };
		AD42C43019B62CFE00D191CE /* icon25@2x.png in Resources */ = {isa = PBXBuildFile; fileRef = AD42C3CF19B62CFE00D191CE /* icon25@2x.png */; };
		AD42C43119B62CFE00D191CE /* icon26@2x.png in Resources */ = {isa = PBXBuildFile; fileRef = AD42C3D019B62CFE00D191CE /* icon26@2x.png */; };
		AD42C43219B62CFE00D191CE /* icon27@2x.png in Resources */ = {isa = PBXBuildFile; fileRef = AD42C3D119B62CFE00D191CE /* icon27@2x.png */; };
		AD42C43319B62CFE00D191CE /* icon28@2x.png in Resources */ = {isa = PBXBuildFile; fileRef = AD42C3D219B62CFE00D191CE /* icon28@2x.png */; };
		AD42C43419B62CFE00D191CE /* icon29@2x.png in Resources */ = {isa = PBXBuildFile; fileRef = AD42C3D319B62CFE00D191CE /* icon29@2x.png */; };
		AD42C43519B62CFE00D191CE /* icon2@2x.png in Resources */ = {isa = PBXBuildFile; fileRef = AD42C3D419B62CFE00D191CE /* icon2@2x.png */; };
		AD42C43619B62CFE00D191CE /* icon30@2x.png in Resources */ = {isa = PBXBuildFile; fileRef = AD42C3D519B62CFE00D191CE /* icon30@2x.png */; };
		AD42C43719B62CFE00D191CE /* icon31@2x.png in Resources */ = {isa = PBXBuildFile; fileRef = AD42C3D619B62CFE00D191CE /* icon31@2x.png */; };
		AD42C43819B62CFE00D191CE /* icon32@2x.png in Resources */ = {isa = PBXBuildFile; fileRef = AD42C3D719B62CFE00D191CE /* icon32@2x.png */; };
		AD42C43919B62CFE00D191CE /* icon33@2x.png in Resources */ = {isa = PBXBuildFile; fileRef = AD42C3D819B62CFE00D191CE /* icon33@2x.png */; };
		AD42C43A19B62CFE00D191CE /* icon34@2x.png in Resources */ = {isa = PBXBuildFile; fileRef = AD42C3D919B62CFE00D191CE /* icon34@2x.png */; };
		AD42C43B19B62CFE00D191CE /* icon35@2x.png in Resources */ = {isa = PBXBuildFile; fileRef = AD42C3DA19B62CFE00D191CE /* icon35@2x.png */; };
		AD42C43C19B62CFE00D191CE /* icon36@2x.png in Resources */ = {isa = PBXBuildFile; fileRef = AD42C3DB19B62CFE00D191CE /* icon36@2x.png */; };
		AD42C43D19B62CFE00D191CE /* icon37@2x.png in Resources */ = {isa = PBXBuildFile; fileRef = AD42C3DC19B62CFE00D191CE /* icon37@2x.png */; };
		AD42C43E19B62CFE00D191CE /* icon38@2x.png in Resources */ = {isa = PBXBuildFile; fileRef = AD42C3DD19B62CFE00D191CE /* icon38@2x.png */; };
		AD42C43F19B62CFE00D191CE /* icon39@2x.png in Resources */ = {isa = PBXBuildFile; fileRef = AD42C3DE19B62CFE00D191CE /* icon39@2x.png */; };
		AD42C44019B62CFE00D191CE /* icon3@2x.png in Resources */ = {isa = PBXBuildFile; fileRef = AD42C3DF19B62CFE00D191CE /* icon3@2x.png */; };
		AD42C44119B62CFE00D191CE /* icon40@2x.png in Resources */ = {isa = PBXBuildFile; fileRef = AD42C3E019B62CFE00D191CE /* icon40@2x.png */; };
		AD42C44219B62CFE00D191CE /* icon41@2x.png in Resources */ = {isa = PBXBuildFile; fileRef = AD42C3E119B62CFE00D191CE /* icon41@2x.png */; };
		AD42C44319B62CFE00D191CE /* icon4@2x.png in Resources */ = {isa = PBXBuildFile; fileRef = AD42C3E219B62CFE00D191CE /* icon4@2x.png */; };
		AD42C44419B62CFE00D191CE /* icon5@2x.png in Resources */ = {isa = PBXBuildFile; fileRef = AD42C3E319B62CFE00D191CE /* icon5@2x.png */; };
		AD42C44519B62CFE00D191CE /* icon6@2x.png in Resources */ = {isa = PBXBuildFile; fileRef = AD42C3E419B62CFE00D191CE /* icon6@2x.png */; };
		AD42C44619B62CFE00D191CE /* icon7@2x.png in Resources */ = {isa = PBXBuildFile; fileRef = AD42C3E519B62CFE00D191CE /* icon7@2x.png */; };
		AD42C44719B62CFE00D191CE /* icon8@2x.png in Resources */ = {isa = PBXBuildFile; fileRef = AD42C3E619B62CFE00D191CE /* icon8@2x.png */; };
		AD42C44819B62CFE00D191CE /* icon9@2x.png in Resources */ = {isa = PBXBuildFile; fileRef = AD42C3E719B62CFE00D191CE /* icon9@2x.png */; };
		AD42C44919B62CFE00D191CE /* desert.jpg in Resources */ = {isa = PBXBuildFile; fileRef = AD42C3E819B62CFE00D191CE /* desert.jpg */; };
		AD42C44A19B62CFE00D191CE /* exitbutton.png in Resources */ = {isa = PBXBuildFile; fileRef = AD42C3E919B62CFE00D191CE /* exitbutton.png */; };
		AD42C44B19B62CFE00D191CE /* exitbutton@2x.png in Resources */ = {isa = PBXBuildFile; fileRef = AD42C3EA19B62CFE00D191CE /* exitbutton@2x.png */; };
		AD42C44C19B62CFE00D191CE /* FuturaStd-Medium.otf in Resources */ = {isa = PBXBuildFile; fileRef = AD42C3EB19B62CFE00D191CE /* FuturaStd-Medium.otf */; };
		AD42C44D19B62CFE00D191CE /* Gotham-Medium.otf in Resources */ = {isa = PBXBuildFile; fileRef = AD42C3EC19B62CFE00D191CE /* Gotham-Medium.otf */; };
		AD42C44E19B62CFE00D191CE /* greendot.png in Resources */ = {isa = PBXBuildFile; fileRef = AD42C3ED19B62CFE00D191CE /* greendot.png */; };
		AD42C44F19B62CFE00D191CE /* greendot@2x.png in Resources */ = {isa = PBXBuildFile; fileRef = AD42C3EE19B62CFE00D191CE /* greendot@2x.png */; };
		AD42C45019B62CFE00D191CE /* greendotlocked.png in Resources */ = {isa = PBXBuildFile; fileRef = AD42C3EF19B62CFE00D191CE /* greendotlocked.png */; };
		AD42C45119B62CFE00D191CE /* greendotlocked@2x.png in Resources */ = {isa = PBXBuildFile; fileRef = AD42C3F019B62CFE00D191CE /* greendotlocked@2x.png */; };
		AD42C45219B62CFE00D191CE /* header.png in Resources */ = {isa = PBXBuildFile; fileRef = AD42C3F119B62CFE00D191CE /* header.png */; };
		AD42C45319B62CFE00D191CE /* header@2x.png in Resources */ = {isa = PBXBuildFile; fileRef = AD42C3F219B62CFE00D191CE /* header@2x.png */; };
		AD42C45419B62CFE00D191CE /* header_sans_title.png in Resources */ = {isa = PBXBuildFile; fileRef = AD42C3F319B62CFE00D191CE /* header_sans_title.png */; };
		AD42C45519B62CFE00D191CE /* header_sans_title@2x.png in Resources */ = {isa = PBXBuildFile; fileRef = AD42C3F419B62CFE00D191CE /* header_sans_title@2x.png */; };
		AD42C45619B62CFE00D191CE /* AppIcon29x29.png in Resources */ = {isa = PBXBuildFile; fileRef = AD42C3F619B62CFE00D191CE /* AppIcon29x29.png */; };
		AD42C45719B62CFE00D191CE /* AppIcon29x29@2x.png in Resources */ = {isa = PBXBuildFile; fileRef = AD42C3F719B62CFE00D191CE /* AppIcon29x29@2x.png */; };
		AD42C45819B62CFE00D191CE /* AppIcon40x40.png in Resources */ = {isa = PBXBuildFile; fileRef = AD42C3F819B62CFE00D191CE /* AppIcon40x40.png */; };
		AD42C45919B62CFE00D191CE /* AppIcon40x40@2x.png in Resources */ = {isa = PBXBuildFile; fileRef = AD42C3F919B62CFE00D191CE /* AppIcon40x40@2x.png */; };
		AD42C45A19B62CFE00D191CE /* AppIcon50x50.png in Resources */ = {isa = PBXBuildFile; fileRef = AD42C3FA19B62CFE00D191CE /* AppIcon50x50.png */; };
		AD42C45B19B62CFE00D191CE /* AppIcon50x50@2x.png in Resources */ = {isa = PBXBuildFile; fileRef = AD42C3FB19B62CFE00D191CE /* AppIcon50x50@2x.png */; };
		AD42C45C19B62CFE00D191CE /* AppIcon57x57.png in Resources */ = {isa = PBXBuildFile; fileRef = AD42C3FC19B62CFE00D191CE /* AppIcon57x57.png */; };
		AD42C45D19B62CFE00D191CE /* AppIcon57x57@2x.png in Resources */ = {isa = PBXBuildFile; fileRef = AD42C3FD19B62CFE00D191CE /* AppIcon57x57@2x.png */; };
		AD42C45E19B62CFE00D191CE /* AppIcon60x60.png in Resources */ = {isa = PBXBuildFile; fileRef = AD42C3FE19B62CFE00D191CE /* AppIcon60x60.png */; };
		AD42C45F19B62CFE00D191CE /* AppIcon60x60@2x.png in Resources */ = {isa = PBXBuildFile; fileRef = AD42C3FF19B62CFE00D191CE /* AppIcon60x60@2x.png */; };
		AD42C46019B62CFE00D191CE /* AppIcon72x72.png in Resources */ = {isa = PBXBuildFile; fileRef = AD42C40019B62CFE00D191CE /* AppIcon72x72.png */; };
		AD42C46119B62CFE00D191CE /* AppIcon72x72@2x.png in Resources */ = {isa = PBXBuildFile; fileRef = AD42C40119B62CFE00D191CE /* AppIcon72x72@2x.png */; };
		AD42C46219B62CFE00D191CE /* AppIcon76x76.png in Resources */ = {isa = PBXBuildFile; fileRef = AD42C40219B62CFE00D191CE /* AppIcon76x76.png */; };
		AD42C46319B62CFE00D191CE /* AppIcon76x76@2x.png in Resources */ = {isa = PBXBuildFile; fileRef = AD42C40319B62CFE00D191CE /* AppIcon76x76@2x.png */; };
		AD42C46419B62CFE00D191CE /* iTunesArtwork.png in Resources */ = {isa = PBXBuildFile; fileRef = AD42C40419B62CFE00D191CE /* iTunesArtwork.png */; };
		AD42C46519B62CFE00D191CE /* iTunesArtwork@2x.png in Resources */ = {isa = PBXBuildFile; fileRef = AD42C40519B62CFE00D191CE /* iTunesArtwork@2x.png */; };
		AD42C46619B62CFE00D191CE /* orangedot.png in Resources */ = {isa = PBXBuildFile; fileRef = AD42C40619B62CFE00D191CE /* orangedot.png */; };
		AD42C46719B62CFE00D191CE /* orangedot@2x.png in Resources */ = {isa = PBXBuildFile; fileRef = AD42C40719B62CFE00D191CE /* orangedot@2x.png */; };
		AD42C46819B62CFE00D191CE /* orangedotlocked.png in Resources */ = {isa = PBXBuildFile; fileRef = AD42C40819B62CFE00D191CE /* orangedotlocked.png */; };
		AD42C46919B62CFE00D191CE /* orangedotlocked@2x.png in Resources */ = {isa = PBXBuildFile; fileRef = AD42C40919B62CFE00D191CE /* orangedotlocked@2x.png */; };
		AD42C46B19B62CFE00D191CE /* rowimage.png in Resources */ = {isa = PBXBuildFile; fileRef = AD42C40B19B62CFE00D191CE /* rowimage.png */; };
		AD42C46C19B62CFE00D191CE /* white_text_bubble.png in Resources */ = {isa = PBXBuildFile; fileRef = AD42C40C19B62CFE00D191CE /* white_text_bubble.png */; };
		AD42C46D19B62CFE00D191CE /* white_text_bubble@2x.png in Resources */ = {isa = PBXBuildFile; fileRef = AD42C40D19B62CFE00D191CE /* white_text_bubble@2x.png */; };
		AD42C47D19B62ED200D191CE /* RNCryptor.m in Sources */ = {isa = PBXBuildFile; fileRef = AD42C47619B62ED200D191CE /* RNCryptor.m */; };
		AD42C47E19B62ED200D191CE /* RNCryptorEngine.m in Sources */ = {isa = PBXBuildFile; fileRef = AD42C47819B62ED200D191CE /* RNCryptorEngine.m */; };
		AD42C47F19B62ED200D191CE /* RNDecryptor.m in Sources */ = {isa = PBXBuildFile; fileRef = AD42C47A19B62ED200D191CE /* RNDecryptor.m */; };
		AD42C48019B62ED200D191CE /* RNEncryptor.m in Sources */ = {isa = PBXBuildFile; fileRef = AD42C47C19B62ED200D191CE /* RNEncryptor.m */; };
		AD42C48419B62F2500D191CE /* DAKeyboardControl.m in Sources */ = {isa = PBXBuildFile; fileRef = AD42C48319B62F2500D191CE /* DAKeyboardControl.m */; };
		AD42C48C19B6872000D191CE /* XRSA.m in Sources */ = {isa = PBXBuildFile; fileRef = AD42C48B19B6872000D191CE /* XRSA.m */; };
		AD42C48E19B68D7F00D191CE /* public_key.der in Resources */ = {isa = PBXBuildFile; fileRef = AD42C48D19B68D7F00D191CE /* public_key.der */; };
		AD42C49F19B8D64200D191CE /* FBEncryptorAES.m in Sources */ = {isa = PBXBuildFile; fileRef = AD42C49E19B8D64200D191CE /* FBEncryptorAES.m */; };
		AD42C4A519B8E4DA00D191CE /* SRWebSocket.m in Sources */ = {isa = PBXBuildFile; fileRef = AD42C4A419B8E4DA00D191CE /* SRWebSocket.m */; };
		AD42C4A719B8E52A00D191CE /* libicucore.dylib in Frameworks */ = {isa = PBXBuildFile; fileRef = AD42C4A619B8E52A00D191CE /* libicucore.dylib */; };
		AD42C4A919B8E53300D191CE /* CFNetwork.framework in Frameworks */ = {isa = PBXBuildFile; fileRef = AD42C4A819B8E53300D191CE /* CFNetwork.framework */; };
		AD42C4AB19B8E53900D191CE /* MultipeerConnectivity.framework in Frameworks */ = {isa = PBXBuildFile; fileRef = AD42C4AA19B8E53900D191CE /* MultipeerConnectivity.framework */; };
		AD42C4AD19B8E54500D191CE /* Security.framework in Frameworks */ = {isa = PBXBuildFile; fileRef = AD42C4AC19B8E54500D191CE /* Security.framework */; };
/* End PBXBuildFile section */

/* Begin PBXContainerItemProxy section */
		AD42C39519B62BF200D191CE /* PBXContainerItemProxy */ = {
			isa = PBXContainerItemProxy;
			containerPortal = AD42C36419B62BF200D191CE /* Project object */;
			proxyType = 1;
			remoteGlobalIDString = AD42C36B19B62BF200D191CE;
			remoteInfo = Protest;
		};
/* End PBXContainerItemProxy section */

/* Begin PBXFileReference section */
		AD42C36C19B62BF200D191CE /* Protest.app */ = {isa = PBXFileReference; explicitFileType = wrapper.application; includeInIndex = 0; path = Protest.app; sourceTree = BUILT_PRODUCTS_DIR; };
		AD42C36F19B62BF200D191CE /* Foundation.framework */ = {isa = PBXFileReference; lastKnownFileType = wrapper.framework; name = Foundation.framework; path = System/Library/Frameworks/Foundation.framework; sourceTree = SDKROOT; };
		AD42C37119B62BF200D191CE /* CoreGraphics.framework */ = {isa = PBXFileReference; lastKnownFileType = wrapper.framework; name = CoreGraphics.framework; path = System/Library/Frameworks/CoreGraphics.framework; sourceTree = SDKROOT; };
		AD42C37319B62BF200D191CE /* UIKit.framework */ = {isa = PBXFileReference; lastKnownFileType = wrapper.framework; name = UIKit.framework; path = System/Library/Frameworks/UIKit.framework; sourceTree = SDKROOT; };
		AD42C37719B62BF200D191CE /* Protest-Info.plist */ = {isa = PBXFileReference; lastKnownFileType = text.plist.xml; path = "Protest-Info.plist"; sourceTree = "<group>"; };
		AD42C37919B62BF200D191CE /* en */ = {isa = PBXFileReference; lastKnownFileType = text.plist.strings; name = en; path = en.lproj/InfoPlist.strings; sourceTree = "<group>"; };
		AD42C37B19B62BF200D191CE /* main.m */ = {isa = PBXFileReference; lastKnownFileType = sourcecode.c.objc; path = main.m; sourceTree = "<group>"; };
		AD42C37D19B62BF200D191CE /* Protest-Prefix.pch */ = {isa = PBXFileReference; lastKnownFileType = sourcecode.c.h; path = "Protest-Prefix.pch"; sourceTree = "<group>"; };
		AD42C37E19B62BF200D191CE /* AppDelegate.h */ = {isa = PBXFileReference; lastKnownFileType = sourcecode.c.h; path = AppDelegate.h; sourceTree = "<group>"; };
		AD42C37F19B62BF200D191CE /* AppDelegate.m */ = {isa = PBXFileReference; lastKnownFileType = sourcecode.c.objc; path = AppDelegate.m; sourceTree = "<group>"; };
		AD42C38219B62BF200D191CE /* Base */ = {isa = PBXFileReference; lastKnownFileType = file.storyboard; name = Base; path = Base.lproj/Main_iPhone.storyboard; sourceTree = "<group>"; };
		AD42C38519B62BF200D191CE /* Base */ = {isa = PBXFileReference; lastKnownFileType = file.storyboard; name = Base; path = Base.lproj/Main_iPad.storyboard; sourceTree = "<group>"; };
		AD42C38719B62BF200D191CE /* ViewController.h */ = {isa = PBXFileReference; lastKnownFileType = sourcecode.c.h; name = ViewController.h; path = Protest/ViewController.h; sourceTree = "<group>"; };
		AD42C38819B62BF200D191CE /* ViewController.m */ = {isa = PBXFileReference; lastKnownFileType = sourcecode.c.objc; name = ViewController.m; path = Protest/ViewController.m; sourceTree = "<group>"; };
		AD42C38A19B62BF200D191CE /* Images.xcassets */ = {isa = PBXFileReference; lastKnownFileType = folder.assetcatalog; path = Images.xcassets; sourceTree = "<group>"; };
		AD42C39019B62BF200D191CE /* ProtestTests.xctest */ = {isa = PBXFileReference; explicitFileType = wrapper.cfbundle; includeInIndex = 0; path = ProtestTests.xctest; sourceTree = BUILT_PRODUCTS_DIR; };
		AD42C39119B62BF200D191CE /* XCTest.framework */ = {isa = PBXFileReference; lastKnownFileType = wrapper.framework; name = XCTest.framework; path = Library/Frameworks/XCTest.framework; sourceTree = DEVELOPER_DIR; };
		AD42C39919B62BF200D191CE /* ProtestTests-Info.plist */ = {isa = PBXFileReference; lastKnownFileType = text.plist.xml; path = "ProtestTests-Info.plist"; sourceTree = "<group>"; };
		AD42C39B19B62BF200D191CE /* en */ = {isa = PBXFileReference; lastKnownFileType = text.plist.strings; name = en; path = en.lproj/InfoPlist.strings; sourceTree = "<group>"; };
		AD42C39D19B62BF200D191CE /* ProtestTests.m */ = {isa = PBXFileReference; lastKnownFileType = sourcecode.c.objc; path = ProtestTests.m; sourceTree = "<group>"; };
		AD42C3A719B62CFE00D191CE /* ChatViewController.h */ = {isa = PBXFileReference; fileEncoding = 4; lastKnownFileType = sourcecode.c.h; name = ChatViewController.h; path = Protest/ChatViewController.h; sourceTree = "<group>"; };
		AD42C3A819B62CFE00D191CE /* ChatViewController.m */ = {isa = PBXFileReference; fileEncoding = 4; lastKnownFileType = sourcecode.c.objc; name = ChatViewController.m; path = Protest/ChatViewController.m; sourceTree = "<group>"; };
		AD42C3A919B62CFE00D191CE /* ConnectionManager.h */ = {isa = PBXFileReference; fileEncoding = 4; lastKnownFileType = sourcecode.c.h; name = ConnectionManager.h; path = Protest/ConnectionManager.h; sourceTree = "<group>"; };
		AD42C3AA19B62CFE00D191CE /* ConnectionManager.m */ = {isa = PBXFileReference; fileEncoding = 4; lastKnownFileType = sourcecode.c.objc; name = ConnectionManager.m; path = Protest/ConnectionManager.m; sourceTree = "<group>"; };
		AD42C3AB19B62CFE00D191CE /* CryptoManager.h */ = {isa = PBXFileReference; fileEncoding = 4; lastKnownFileType = sourcecode.c.h; name = CryptoManager.h; path = Protest/CryptoManager.h; sourceTree = "<group>"; };
		AD42C3AC19B62CFE00D191CE /* CryptoManager.m */ = {isa = PBXFileReference; fileEncoding = 4; lastKnownFileType = sourcecode.c.objc; name = CryptoManager.m; path = Protest/CryptoManager.m; sourceTree = "<group>"; };
		AD42C3AD19B62CFE00D191CE /* Message.h */ = {isa = PBXFileReference; fileEncoding = 4; lastKnownFileType = sourcecode.c.h; name = Message.h; path = Protest/Message.h; sourceTree = "<group>"; };
		AD42C3AE19B62CFE00D191CE /* Message.m */ = {isa = PBXFileReference; fileEncoding = 4; lastKnownFileType = sourcecode.c.objc; name = Message.m; path = Protest/Message.m; sourceTree = "<group>"; };
		AD42C3AF19B62CFE00D191CE /* MimicManager.h */ = {isa = PBXFileReference; fileEncoding = 4; lastKnownFileType = sourcecode.c.h; name = MimicManager.h; path = Protest/MimicManager.h; sourceTree = "<group>"; };
		AD42C3B019B62CFE00D191CE /* MimicManager.m */ = {isa = PBXFileReference; fileEncoding = 4; lastKnownFileType = sourcecode.c.objc; name = MimicManager.m; path = Protest/MimicManager.m; sourceTree = "<group>"; };
		AD42C3B119B62CFE00D191CE /* Peer.h */ = {isa = PBXFileReference; fileEncoding = 4; lastKnownFileType = sourcecode.c.h; name = Peer.h; path = Protest/Peer.h; sourceTree = "<group>"; };
		AD42C3B219B62CFE00D191CE /* Peer.m */ = {isa = PBXFileReference; fileEncoding = 4; lastKnownFileType = sourcecode.c.objc; name = Peer.m; path = Protest/Peer.m; sourceTree = "<group>"; };
		AD42C3B319B62CFE00D191CE /* ProtestConfigViewController.h */ = {isa = PBXFileReference; fileEncoding = 4; lastKnownFileType = sourcecode.c.h; name = ProtestConfigViewController.h; path = Protest/ProtestConfigViewController.h; sourceTree = "<group>"; };
		AD42C3B419B62CFE00D191CE /* ProtestConfigViewController.m */ = {isa = PBXFileReference; fileEncoding = 4; lastKnownFileType = sourcecode.c.objc; name = ProtestConfigViewController.m; path = Protest/ProtestConfigViewController.m; sourceTree = "<group>"; };
		AD42C3B819B62CFE00D191CE /* addbutton.png */ = {isa = PBXFileReference; lastKnownFileType = image.png; path = addbutton.png; sourceTree = "<group>"; };
		AD42C3B919B62CFE00D191CE /* addbutton@2x.png */ = {isa = PBXFileReference; lastKnownFileType = image.png; path = "addbutton@2x.png"; sourceTree = "<group>"; };
		AD42C3BA19B62CFE00D191CE /* blue_text_bubble.png */ = {isa = PBXFileReference; lastKnownFileType = image.png; path = blue_text_bubble.png; sourceTree = "<group>"; };
		AD42C3BB19B62CFE00D191CE /* blue_text_bubble@2x.png */ = {isa = PBXFileReference; lastKnownFileType = image.png; path = "blue_text_bubble@2x.png"; sourceTree = "<group>"; };
		AD42C3BF19B62CFE00D191CE /* icon10@2x.png */ = {isa = PBXFileReference; lastKnownFileType = image.png; path = "icon10@2x.png"; sourceTree = "<group>"; };
		AD42C3C019B62CFE00D191CE /* icon11@2x.png */ = {isa = PBXFileReference; lastKnownFileType = image.png; path = "icon11@2x.png"; sourceTree = "<group>"; };
		AD42C3C119B62CFE00D191CE /* icon12@2x.png */ = {isa = PBXFileReference; lastKnownFileType = image.png; path = "icon12@2x.png"; sourceTree = "<group>"; };
		AD42C3C219B62CFE00D191CE /* icon13@2x.png */ = {isa = PBXFileReference; lastKnownFileType = image.png; path = "icon13@2x.png"; sourceTree = "<group>"; };
		AD42C3C319B62CFE00D191CE /* icon14@2x.png */ = {isa = PBXFileReference; lastKnownFileType = image.png; path = "icon14@2x.png"; sourceTree = "<group>"; };
		AD42C3C419B62CFE00D191CE /* icon15@2x.png */ = {isa = PBXFileReference; lastKnownFileType = image.png; path = "icon15@2x.png"; sourceTree = "<group>"; };
		AD42C3C519B62CFE00D191CE /* icon16@2x.png */ = {isa = PBXFileReference; lastKnownFileType = image.png; path = "icon16@2x.png"; sourceTree = "<group>"; };
		AD42C3C619B62CFE00D191CE /* icon17@2x.png */ = {isa = PBXFileReference; lastKnownFileType = image.png; path = "icon17@2x.png"; sourceTree = "<group>"; };
		AD42C3C719B62CFE00D191CE /* icon18@2x.png */ = {isa = PBXFileReference; lastKnownFileType = image.png; path = "icon18@2x.png"; sourceTree = "<group>"; };
		AD42C3C819B62CFE00D191CE /* icon19@2x.png */ = {isa = PBXFileReference; lastKnownFileType = image.png; path = "icon19@2x.png"; sourceTree = "<group>"; };
		AD42C3C919B62CFE00D191CE /* icon1@2x.png */ = {isa = PBXFileReference; lastKnownFileType = image.png; path = "icon1@2x.png"; sourceTree = "<group>"; };
		AD42C3CA19B62CFE00D191CE /* icon20@2x.png */ = {isa = PBXFileReference; lastKnownFileType = image.png; path = "icon20@2x.png"; sourceTree = "<group>"; };
		AD42C3CB19B62CFE00D191CE /* icon21@2x.png */ = {isa = PBXFileReference; lastKnownFileType = image.png; path = "icon21@2x.png"; sourceTree = "<group>"; };
		AD42C3CC19B62CFE00D191CE /* icon22@2x.png */ = {isa = PBXFileReference; lastKnownFileType = image.png; path = "icon22@2x.png"; sourceTree = "<group>"; };
		AD42C3CD19B62CFE00D191CE /* icon23@2x.png */ = {isa = PBXFileReference; lastKnownFileType = image.png; path = "icon23@2x.png"; sourceTree = "<group>"; };
		AD42C3CE19B62CFE00D191CE /* icon24@2x.png */ = {isa = PBXFileReference; lastKnownFileType = image.png; path = "icon24@2x.png"; sourceTree = "<group>"; };
		AD42C3CF19B62CFE00D191CE /* icon25@2x.png */ = {isa = PBXFileReference; lastKnownFileType = image.png; path = "icon25@2x.png"; sourceTree = "<group>"; };
		AD42C3D019B62CFE00D191CE /* icon26@2x.png */ = {isa = PBXFileReference; lastKnownFileType = image.png; path = "icon26@2x.png"; sourceTree = "<group>"; };
		AD42C3D119B62CFE00D191CE /* icon27@2x.png */ = {isa = PBXFileReference; lastKnownFileType = image.png; path = "icon27@2x.png"; sourceTree = "<group>"; };
		AD42C3D219B62CFE00D191CE /* icon28@2x.png */ = {isa = PBXFileReference; lastKnownFileType = image.png; path = "icon28@2x.png"; sourceTree = "<group>"; };
		AD42C3D319B62CFE00D191CE /* icon29@2x.png */ = {isa = PBXFileReference; lastKnownFileType = image.png; path = "icon29@2x.png"; sourceTree = "<group>"; };
		AD42C3D419B62CFE00D191CE /* icon2@2x.png */ = {isa = PBXFileReference; lastKnownFileType = image.png; path = "icon2@2x.png"; sourceTree = "<group>"; };
		AD42C3D519B62CFE00D191CE /* icon30@2x.png */ = {isa = PBXFileReference; lastKnownFileType = image.png; path = "icon30@2x.png"; sourceTree = "<group>"; };
		AD42C3D619B62CFE00D191CE /* icon31@2x.png */ = {isa = PBXFileReference; lastKnownFileType = image.png; path = "icon31@2x.png"; sourceTree = "<group>"; };
		AD42C3D719B62CFE00D191CE /* icon32@2x.png */ = {isa = PBXFileReference; lastKnownFileType = image.png; path = "icon32@2x.png"; sourceTree = "<group>"; };
		AD42C3D819B62CFE00D191CE /* icon33@2x.png */ = {isa = PBXFileReference; lastKnownFileType = image.png; path = "icon33@2x.png"; sourceTree = "<group>"; };
		AD42C3D919B62CFE00D191CE /* icon34@2x.png */ = {isa = PBXFileReference; lastKnownFileType = image.png; path = "icon34@2x.png"; sourceTree = "<group>"; };
		AD42C3DA19B62CFE00D191CE /* icon35@2x.png */ = {isa = PBXFileReference; lastKnownFileType = image.png; path = "icon35@2x.png"; sourceTree = "<group>"; };
		AD42C3DB19B62CFE00D191CE /* icon36@2x.png */ = {isa = PBXFileReference; lastKnownFileType = image.png; path = "icon36@2x.png"; sourceTree = "<group>"; };
		AD42C3DC19B62CFE00D191CE /* icon37@2x.png */ = {isa = PBXFileReference; lastKnownFileType = image.png; path = "icon37@2x.png"; sourceTree = "<group>"; };
		AD42C3DD19B62CFE00D191CE /* icon38@2x.png */ = {isa = PBXFileReference; lastKnownFileType = image.png; path = "icon38@2x.png"; sourceTree = "<group>"; };
		AD42C3DE19B62CFE00D191CE /* icon39@2x.png */ = {isa = PBXFileReference; lastKnownFileType = image.png; path = "icon39@2x.png"; sourceTree = "<group>"; };
		AD42C3DF19B62CFE00D191CE /* icon3@2x.png */ = {isa = PBXFileReference; lastKnownFileType = image.png; path = "icon3@2x.png"; sourceTree = "<group>"; };
		AD42C3E019B62CFE00D191CE /* icon40@2x.png */ = {isa = PBXFileReference; lastKnownFileType = image.png; path = "icon40@2x.png"; sourceTree = "<group>"; };
		AD42C3E119B62CFE00D191CE /* icon41@2x.png */ = {isa = PBXFileReference; lastKnownFileType = image.png; path = "icon41@2x.png"; sourceTree = "<group>"; };
		AD42C3E219B62CFE00D191CE /* icon4@2x.png */ = {isa = PBXFileReference; lastKnownFileType = image.png; path = "icon4@2x.png"; sourceTree = "<group>"; };
		AD42C3E319B62CFE00D191CE /* icon5@2x.png */ = {isa = PBXFileReference; lastKnownFileType = image.png; path = "icon5@2x.png"; sourceTree = "<group>"; };
		AD42C3E419B62CFE00D191CE /* icon6@2x.png */ = {isa = PBXFileReference; lastKnownFileType = image.png; path = "icon6@2x.png"; sourceTree = "<group>"; };
		AD42C3E519B62CFE00D191CE /* icon7@2x.png */ = {isa = PBXFileReference; lastKnownFileType = image.png; path = "icon7@2x.png"; sourceTree = "<group>"; };
		AD42C3E619B62CFE00D191CE /* icon8@2x.png */ = {isa = PBXFileReference; lastKnownFileType = image.png; path = "icon8@2x.png"; sourceTree = "<group>"; };
		AD42C3E719B62CFE00D191CE /* icon9@2x.png */ = {isa = PBXFileReference; lastKnownFileType = image.png; path = "icon9@2x.png"; sourceTree = "<group>"; };
		AD42C3E819B62CFE00D191CE /* desert.jpg */ = {isa = PBXFileReference; lastKnownFileType = image.jpeg; path = desert.jpg; sourceTree = "<group>"; };
		AD42C3E919B62CFE00D191CE /* exitbutton.png */ = {isa = PBXFileReference; lastKnownFileType = image.png; path = exitbutton.png; sourceTree = "<group>"; };
		AD42C3EA19B62CFE00D191CE /* exitbutton@2x.png */ = {isa = PBXFileReference; lastKnownFileType = image.png; path = "exitbutton@2x.png"; sourceTree = "<group>"; };
		AD42C3EB19B62CFE00D191CE /* FuturaStd-Medium.otf */ = {isa = PBXFileReference; lastKnownFileType = file; path = "FuturaStd-Medium.otf"; sourceTree = "<group>"; };
		AD42C3EC19B62CFE00D191CE /* Gotham-Medium.otf */ = {isa = PBXFileReference; lastKnownFileType = file; path = "Gotham-Medium.otf"; sourceTree = "<group>"; };
		AD42C3ED19B62CFE00D191CE /* greendot.png */ = {isa = PBXFileReference; lastKnownFileType = image.png; path = greendot.png; sourceTree = "<group>"; };
		AD42C3EE19B62CFE00D191CE /* greendot@2x.png */ = {isa = PBXFileReference; lastKnownFileType = image.png; path = "greendot@2x.png"; sourceTree = "<group>"; };
		AD42C3EF19B62CFE00D191CE /* greendotlocked.png */ = {isa = PBXFileReference; lastKnownFileType = image.png; path = greendotlocked.png; sourceTree = "<group>"; };
		AD42C3F019B62CFE00D191CE /* greendotlocked@2x.png */ = {isa = PBXFileReference; lastKnownFileType = image.png; path = "greendotlocked@2x.png"; sourceTree = "<group>"; };
		AD42C3F119B62CFE00D191CE /* header.png */ = {isa = PBXFileReference; lastKnownFileType = image.png; path = header.png; sourceTree = "<group>"; };
		AD42C3F219B62CFE00D191CE /* header@2x.png */ = {isa = PBXFileReference; lastKnownFileType = image.png; path = "header@2x.png"; sourceTree = "<group>"; };
		AD42C3F319B62CFE00D191CE /* header_sans_title.png */ = {isa = PBXFileReference; lastKnownFileType = image.png; path = header_sans_title.png; sourceTree = "<group>"; };
		AD42C3F419B62CFE00D191CE /* header_sans_title@2x.png */ = {isa = PBXFileReference; lastKnownFileType = image.png; path = "header_sans_title@2x.png"; sourceTree = "<group>"; };
		AD42C3F619B62CFE00D191CE /* AppIcon29x29.png */ = {isa = PBXFileReference; lastKnownFileType = image.png; path = AppIcon29x29.png; sourceTree = "<group>"; };
		AD42C3F719B62CFE00D191CE /* AppIcon29x29@2x.png */ = {isa = PBXFileReference; lastKnownFileType = image.png; path = "AppIcon29x29@2x.png"; sourceTree = "<group>"; };
		AD42C3F819B62CFE00D191CE /* AppIcon40x40.png */ = {isa = PBXFileReference; lastKnownFileType = image.png; path = AppIcon40x40.png; sourceTree = "<group>"; };
		AD42C3F919B62CFE00D191CE /* AppIcon40x40@2x.png */ = {isa = PBXFileReference; lastKnownFileType = image.png; path = "AppIcon40x40@2x.png"; sourceTree = "<group>"; };
		AD42C3FA19B62CFE00D191CE /* AppIcon50x50.png */ = {isa = PBXFileReference; lastKnownFileType = image.png; path = AppIcon50x50.png; sourceTree = "<group>"; };
		AD42C3FB19B62CFE00D191CE /* AppIcon50x50@2x.png */ = {isa = PBXFileReference; lastKnownFileType = image.png; path = "AppIcon50x50@2x.png"; sourceTree = "<group>"; };
		AD42C3FC19B62CFE00D191CE /* AppIcon57x57.png */ = {isa = PBXFileReference; lastKnownFileType = image.png; path = AppIcon57x57.png; sourceTree = "<group>"; };
		AD42C3FD19B62CFE00D191CE /* AppIcon57x57@2x.png */ = {isa = PBXFileReference; lastKnownFileType = image.png; path = "AppIcon57x57@2x.png"; sourceTree = "<group>"; };
		AD42C3FE19B62CFE00D191CE /* AppIcon60x60.png */ = {isa = PBXFileReference; lastKnownFileType = image.png; path = AppIcon60x60.png; sourceTree = "<group>"; };
		AD42C3FF19B62CFE00D191CE /* AppIcon60x60@2x.png */ = {isa = PBXFileReference; lastKnownFileType = image.png; path = "AppIcon60x60@2x.png"; sourceTree = "<group>"; };
		AD42C40019B62CFE00D191CE /* AppIcon72x72.png */ = {isa = PBXFileReference; lastKnownFileType = image.png; path = AppIcon72x72.png; sourceTree = "<group>"; };
		AD42C40119B62CFE00D191CE /* AppIcon72x72@2x.png */ = {isa = PBXFileReference; lastKnownFileType = image.png; path = "AppIcon72x72@2x.png"; sourceTree = "<group>"; };
		AD42C40219B62CFE00D191CE /* AppIcon76x76.png */ = {isa = PBXFileReference; lastKnownFileType = image.png; path = AppIcon76x76.png; sourceTree = "<group>"; };
		AD42C40319B62CFE00D191CE /* AppIcon76x76@2x.png */ = {isa = PBXFileReference; lastKnownFileType = image.png; path = "AppIcon76x76@2x.png"; sourceTree = "<group>"; };
		AD42C40419B62CFE00D191CE /* iTunesArtwork.png */ = {isa = PBXFileReference; lastKnownFileType = image.png; path = iTunesArtwork.png; sourceTree = "<group>"; };
		AD42C40519B62CFE00D191CE /* iTunesArtwork@2x.png */ = {isa = PBXFileReference; lastKnownFileType = image.png; path = "iTunesArtwork@2x.png"; sourceTree = "<group>"; };
		AD42C40619B62CFE00D191CE /* orangedot.png */ = {isa = PBXFileReference; lastKnownFileType = image.png; path = orangedot.png; sourceTree = "<group>"; };
		AD42C40719B62CFE00D191CE /* orangedot@2x.png */ = {isa = PBXFileReference; lastKnownFileType = image.png; path = "orangedot@2x.png"; sourceTree = "<group>"; };
		AD42C40819B62CFE00D191CE /* orangedotlocked.png */ = {isa = PBXFileReference; lastKnownFileType = image.png; path = orangedotlocked.png; sourceTree = "<group>"; };
		AD42C40919B62CFE00D191CE /* orangedotlocked@2x.png */ = {isa = PBXFileReference; lastKnownFileType = image.png; path = "orangedotlocked@2x.png"; sourceTree = "<group>"; };
		AD42C40B19B62CFE00D191CE /* rowimage.png */ = {isa = PBXFileReference; lastKnownFileType = image.png; path = rowimage.png; sourceTree = "<group>"; };
		AD42C40C19B62CFE00D191CE /* white_text_bubble.png */ = {isa = PBXFileReference; lastKnownFileType = image.png; path = white_text_bubble.png; sourceTree = "<group>"; };
		AD42C40D19B62CFE00D191CE /* white_text_bubble@2x.png */ = {isa = PBXFileReference; lastKnownFileType = image.png; path = "white_text_bubble@2x.png"; sourceTree = "<group>"; };
		AD42C47319B62ED200D191CE /* RNCryptor+Private.h */ = {isa = PBXFileReference; fileEncoding = 4; lastKnownFileType = sourcecode.c.h; path = "RNCryptor+Private.h"; sourceTree = "<group>"; };
		AD42C47419B62ED200D191CE /* RNCryptor-Prefix.pch */ = {isa = PBXFileReference; fileEncoding = 4; lastKnownFileType = sourcecode.c.h; path = "RNCryptor-Prefix.pch"; sourceTree = "<group>"; };
		AD42C47519B62ED200D191CE /* RNCryptor.h */ = {isa = PBXFileReference; fileEncoding = 4; lastKnownFileType = sourcecode.c.h; path = RNCryptor.h; sourceTree = "<group>"; };
		AD42C47619B62ED200D191CE /* RNCryptor.m */ = {isa = PBXFileReference; fileEncoding = 4; lastKnownFileType = sourcecode.c.objc; path = RNCryptor.m; sourceTree = "<group>"; };
		AD42C47719B62ED200D191CE /* RNCryptorEngine.h */ = {isa = PBXFileReference; fileEncoding = 4; lastKnownFileType = sourcecode.c.h; path = RNCryptorEngine.h; sourceTree = "<group>"; };
		AD42C47819B62ED200D191CE /* RNCryptorEngine.m */ = {isa = PBXFileReference; fileEncoding = 4; lastKnownFileType = sourcecode.c.objc; path = RNCryptorEngine.m; sourceTree = "<group>"; };
		AD42C47919B62ED200D191CE /* RNDecryptor.h */ = {isa = PBXFileReference; fileEncoding = 4; lastKnownFileType = sourcecode.c.h; path = RNDecryptor.h; sourceTree = "<group>"; };
		AD42C47A19B62ED200D191CE /* RNDecryptor.m */ = {isa = PBXFileReference; fileEncoding = 4; lastKnownFileType = sourcecode.c.objc; path = RNDecryptor.m; sourceTree = "<group>"; };
		AD42C47B19B62ED200D191CE /* RNEncryptor.h */ = {isa = PBXFileReference; fileEncoding = 4; lastKnownFileType = sourcecode.c.h; path = RNEncryptor.h; sourceTree = "<group>"; };
		AD42C47C19B62ED200D191CE /* RNEncryptor.m */ = {isa = PBXFileReference; fileEncoding = 4; lastKnownFileType = sourcecode.c.objc; path = RNEncryptor.m; sourceTree = "<group>"; };
		AD42C48219B62F2500D191CE /* DAKeyboardControl.h */ = {isa = PBXFileReference; fileEncoding = 4; lastKnownFileType = sourcecode.c.h; path = DAKeyboardControl.h; sourceTree = "<group>"; };
		AD42C48319B62F2500D191CE /* DAKeyboardControl.m */ = {isa = PBXFileReference; fileEncoding = 4; lastKnownFileType = sourcecode.c.objc; path = DAKeyboardControl.m; sourceTree = "<group>"; };
		AD42C48A19B6872000D191CE /* XRSA.h */ = {isa = PBXFileReference; fileEncoding = 4; lastKnownFileType = sourcecode.c.h; name = XRSA.h; path = Protest/XRSA.h; sourceTree = "<group>"; };
		AD42C48B19B6872000D191CE /* XRSA.m */ = {isa = PBXFileReference; fileEncoding = 4; lastKnownFileType = sourcecode.c.objc; name = XRSA.m; path = Protest/XRSA.m; sourceTree = "<group>"; };
		AD42C48D19B68D7F00D191CE /* public_key.der */ = {isa = PBXFileReference; lastKnownFileType = file; name = public_key.der; path = Protest/public_key.der; sourceTree = "<group>"; };
		AD42C49D19B8D64200D191CE /* FBEncryptorAES.h */ = {isa = PBXFileReference; fileEncoding = 4; lastKnownFileType = sourcecode.c.h; name = FBEncryptorAES.h; path = Protest/FBEncryptorAES.h; sourceTree = "<group>"; };
		AD42C49E19B8D64200D191CE /* FBEncryptorAES.m */ = {isa = PBXFileReference; fileEncoding = 4; lastKnownFileType = sourcecode.c.objc; name = FBEncryptorAES.m; path = Protest/FBEncryptorAES.m; sourceTree = "<group>"; };
		AD42C4A319B8E4DA00D191CE /* SRWebSocket.h */ = {isa = PBXFileReference; fileEncoding = 4; lastKnownFileType = sourcecode.c.h; name = SRWebSocket.h; path = Protest/SRWebSocket.h; sourceTree = "<group>"; };
		AD42C4A419B8E4DA00D191CE /* SRWebSocket.m */ = {isa = PBXFileReference; fileEncoding = 4; lastKnownFileType = sourcecode.c.objc; name = SRWebSocket.m; path = Protest/SRWebSocket.m; sourceTree = "<group>"; };
		AD42C4A619B8E52A00D191CE /* libicucore.dylib */ = {isa = PBXFileReference; lastKnownFileType = "compiled.mach-o.dylib"; name = libicucore.dylib; path = usr/lib/libicucore.dylib; sourceTree = SDKROOT; };
		AD42C4A819B8E53300D191CE /* CFNetwork.framework */ = {isa = PBXFileReference; lastKnownFileType = wrapper.framework; name = CFNetwork.framework; path = System/Library/Frameworks/CFNetwork.framework; sourceTree = SDKROOT; };
		AD42C4AA19B8E53900D191CE /* MultipeerConnectivity.framework */ = {isa = PBXFileReference; lastKnownFileType = wrapper.framework; name = MultipeerConnectivity.framework; path = System/Library/Frameworks/MultipeerConnectivity.framework; sourceTree = SDKROOT; };
		AD42C4AC19B8E54500D191CE /* Security.framework */ = {isa = PBXFileReference; lastKnownFileType = wrapper.framework; name = Security.framework; path = System/Library/Frameworks/Security.framework; sourceTree = SDKROOT; };
/* End PBXFileReference section */

/* Begin PBXFrameworksBuildPhase section */
		AD42C36919B62BF200D191CE /* Frameworks */ = {
			isa = PBXFrameworksBuildPhase;
			buildActionMask = 2147483647;
			files = (
				AD42C4AD19B8E54500D191CE /* Security.framework in Frameworks */,
				AD42C4AB19B8E53900D191CE /* MultipeerConnectivity.framework in Frameworks */,
				AD42C4A919B8E53300D191CE /* CFNetwork.framework in Frameworks */,
				AD42C4A719B8E52A00D191CE /* libicucore.dylib in Frameworks */,
				AD42C37219B62BF200D191CE /* CoreGraphics.framework in Frameworks */,
				AD42C37419B62BF200D191CE /* UIKit.framework in Frameworks */,
				AD42C37019B62BF200D191CE /* Foundation.framework in Frameworks */,
			);
			runOnlyForDeploymentPostprocessing = 0;
		};
		AD42C38D19B62BF200D191CE /* Frameworks */ = {
			isa = PBXFrameworksBuildPhase;
			buildActionMask = 2147483647;
			files = (
				AD42C39219B62BF200D191CE /* XCTest.framework in Frameworks */,
				AD42C39419B62BF200D191CE /* UIKit.framework in Frameworks */,
				AD42C39319B62BF200D191CE /* Foundation.framework in Frameworks */,
			);
			runOnlyForDeploymentPostprocessing = 0;
		};
/* End PBXFrameworksBuildPhase section */

/* Begin PBXGroup section */
		AD42C36319B62BF200D191CE = {
			isa = PBXGroup;
			children = (
				AD42C48D19B68D7F00D191CE /* public_key.der */,
				AD42C48119B62F2500D191CE /* DAKeyboardControl */,
				AD42C47219B62ED200D191CE /* RNCryptor */,
				AD42C37519B62BF200D191CE /* Protest */,
				AD42C39719B62BF200D191CE /* ProtestTests */,
				AD42C36E19B62BF200D191CE /* Frameworks */,
				AD42C36D19B62BF200D191CE /* Products */,
			);
			sourceTree = "<group>";
		};
		AD42C36D19B62BF200D191CE /* Products */ = {
			isa = PBXGroup;
			children = (
				AD42C36C19B62BF200D191CE /* Protest.app */,
				AD42C39019B62BF200D191CE /* ProtestTests.xctest */,
			);
			name = Products;
			sourceTree = "<group>";
		};
		AD42C36E19B62BF200D191CE /* Frameworks */ = {
			isa = PBXGroup;
			children = (
				AD42C4AC19B8E54500D191CE /* Security.framework */,
				AD42C4AA19B8E53900D191CE /* MultipeerConnectivity.framework */,
				AD42C4A819B8E53300D191CE /* CFNetwork.framework */,
				AD42C4A619B8E52A00D191CE /* libicucore.dylib */,
				AD42C36F19B62BF200D191CE /* Foundation.framework */,
				AD42C37119B62BF200D191CE /* CoreGraphics.framework */,
				AD42C37319B62BF200D191CE /* UIKit.framework */,
				AD42C39119B62BF200D191CE /* XCTest.framework */,
			);
			name = Frameworks;
			sourceTree = "<group>";
		};
		AD42C37519B62BF200D191CE /* Protest */ = {
			isa = PBXGroup;
			children = (
				AD42C48619B64B0700D191CE /* View Controllers */,
				AD42C48719B64B2C00D191CE /* Managers */,
				AD42C48519B64AD200D191CE /* Crypto */,
				AD42C3B719B62CFE00D191CE /* Resources */,
				AD42C37E19B62BF200D191CE /* AppDelegate.h */,
				AD42C37F19B62BF200D191CE /* AppDelegate.m */,
				AD42C38119B62BF200D191CE /* Main_iPhone.storyboard */,
				AD42C38419B62BF200D191CE /* Main_iPad.storyboard */,
				AD42C38A19B62BF200D191CE /* Images.xcassets */,
				AD42C37619B62BF200D191CE /* Supporting Files */,
			);
			path = Protest;
			sourceTree = "<group>";
		};
		AD42C37619B62BF200D191CE /* Supporting Files */ = {
			isa = PBXGroup;
			children = (
				AD42C37719B62BF200D191CE /* Protest-Info.plist */,
				AD42C37819B62BF200D191CE /* InfoPlist.strings */,
				AD42C37B19B62BF200D191CE /* main.m */,
				AD42C37D19B62BF200D191CE /* Protest-Prefix.pch */,
			);
			name = "Supporting Files";
			sourceTree = "<group>";
		};
		AD42C39719B62BF200D191CE /* ProtestTests */ = {
			isa = PBXGroup;
			children = (
				AD42C39D19B62BF200D191CE /* ProtestTests.m */,
				AD42C39819B62BF200D191CE /* Supporting Files */,
			);
			path = ProtestTests;
			sourceTree = "<group>";
		};
		AD42C39819B62BF200D191CE /* Supporting Files */ = {
			isa = PBXGroup;
			children = (
				AD42C39919B62BF200D191CE /* ProtestTests-Info.plist */,
				AD42C39A19B62BF200D191CE /* InfoPlist.strings */,
			);
			name = "Supporting Files";
			sourceTree = "<group>";
		};
		AD42C3B719B62CFE00D191CE /* Resources */ = {
			isa = PBXGroup;
			children = (
				AD42C3B819B62CFE00D191CE /* addbutton.png */,
				AD42C3B919B62CFE00D191CE /* addbutton@2x.png */,
				AD42C3BA19B62CFE00D191CE /* blue_text_bubble.png */,
				AD42C3BB19B62CFE00D191CE /* blue_text_bubble@2x.png */,
				AD42C3BC19B62CFE00D191CE /* chat_icons */,
				AD42C3E819B62CFE00D191CE /* desert.jpg */,
				AD42C3E919B62CFE00D191CE /* exitbutton.png */,
				AD42C3EA19B62CFE00D191CE /* exitbutton@2x.png */,
				AD42C3EB19B62CFE00D191CE /* FuturaStd-Medium.otf */,
				AD42C3EC19B62CFE00D191CE /* Gotham-Medium.otf */,
				AD42C3ED19B62CFE00D191CE /* greendot.png */,
				AD42C3EE19B62CFE00D191CE /* greendot@2x.png */,
				AD42C3EF19B62CFE00D191CE /* greendotlocked.png */,
				AD42C3F019B62CFE00D191CE /* greendotlocked@2x.png */,
				AD42C3F119B62CFE00D191CE /* header.png */,
				AD42C3F219B62CFE00D191CE /* header@2x.png */,
				AD42C3F319B62CFE00D191CE /* header_sans_title.png */,
				AD42C3F419B62CFE00D191CE /* header_sans_title@2x.png */,
				AD42C3F519B62CFE00D191CE /* icons */,
				AD42C40619B62CFE00D191CE /* orangedot.png */,
				AD42C40719B62CFE00D191CE /* orangedot@2x.png */,
				AD42C40819B62CFE00D191CE /* orangedotlocked.png */,
				AD42C40919B62CFE00D191CE /* orangedotlocked@2x.png */,
				AD42C40B19B62CFE00D191CE /* rowimage.png */,
				AD42C40C19B62CFE00D191CE /* white_text_bubble.png */,
				AD42C40D19B62CFE00D191CE /* white_text_bubble@2x.png */,
			);
			path = Resources;
			sourceTree = "<group>";
		};
		AD42C3BC19B62CFE00D191CE /* chat_icons */ = {
			isa = PBXGroup;
			children = (
				AD42C3BF19B62CFE00D191CE /* icon10@2x.png */,
				AD42C3C019B62CFE00D191CE /* icon11@2x.png */,
				AD42C3C119B62CFE00D191CE /* icon12@2x.png */,
				AD42C3C219B62CFE00D191CE /* icon13@2x.png */,
				AD42C3C319B62CFE00D191CE /* icon14@2x.png */,
				AD42C3C419B62CFE00D191CE /* icon15@2x.png */,
				AD42C3C519B62CFE00D191CE /* icon16@2x.png */,
				AD42C3C619B62CFE00D191CE /* icon17@2x.png */,
				AD42C3C719B62CFE00D191CE /* icon18@2x.png */,
				AD42C3C819B62CFE00D191CE /* icon19@2x.png */,
				AD42C3C919B62CFE00D191CE /* icon1@2x.png */,
				AD42C3CA19B62CFE00D191CE /* icon20@2x.png */,
				AD42C3CB19B62CFE00D191CE /* icon21@2x.png */,
				AD42C3CC19B62CFE00D191CE /* icon22@2x.png */,
				AD42C3CD19B62CFE00D191CE /* icon23@2x.png */,
				AD42C3CE19B62CFE00D191CE /* icon24@2x.png */,
				AD42C3CF19B62CFE00D191CE /* icon25@2x.png */,
				AD42C3D019B62CFE00D191CE /* icon26@2x.png */,
				AD42C3D119B62CFE00D191CE /* icon27@2x.png */,
				AD42C3D219B62CFE00D191CE /* icon28@2x.png */,
				AD42C3D319B62CFE00D191CE /* icon29@2x.png */,
				AD42C3D419B62CFE00D191CE /* icon2@2x.png */,
				AD42C3D519B62CFE00D191CE /* icon30@2x.png */,
				AD42C3D619B62CFE00D191CE /* icon31@2x.png */,
				AD42C3D719B62CFE00D191CE /* icon32@2x.png */,
				AD42C3D819B62CFE00D191CE /* icon33@2x.png */,
				AD42C3D919B62CFE00D191CE /* icon34@2x.png */,
				AD42C3DA19B62CFE00D191CE /* icon35@2x.png */,
				AD42C3DB19B62CFE00D191CE /* icon36@2x.png */,
				AD42C3DC19B62CFE00D191CE /* icon37@2x.png */,
				AD42C3DD19B62CFE00D191CE /* icon38@2x.png */,
				AD42C3DE19B62CFE00D191CE /* icon39@2x.png */,
				AD42C3DF19B62CFE00D191CE /* icon3@2x.png */,
				AD42C3E019B62CFE00D191CE /* icon40@2x.png */,
				AD42C3E119B62CFE00D191CE /* icon41@2x.png */,
				AD42C3E219B62CFE00D191CE /* icon4@2x.png */,
				AD42C3E319B62CFE00D191CE /* icon5@2x.png */,
				AD42C3E419B62CFE00D191CE /* icon6@2x.png */,
				AD42C3E519B62CFE00D191CE /* icon7@2x.png */,
				AD42C3E619B62CFE00D191CE /* icon8@2x.png */,
				AD42C3E719B62CFE00D191CE /* icon9@2x.png */,
			);
			path = chat_icons;
			sourceTree = "<group>";
		};
		AD42C3F519B62CFE00D191CE /* icons */ = {
			isa = PBXGroup;
			children = (
				AD42C3F619B62CFE00D191CE /* AppIcon29x29.png */,
				AD42C3F719B62CFE00D191CE /* AppIcon29x29@2x.png */,
				AD42C3F819B62CFE00D191CE /* AppIcon40x40.png */,
				AD42C3F919B62CFE00D191CE /* AppIcon40x40@2x.png */,
				AD42C3FA19B62CFE00D191CE /* AppIcon50x50.png */,
				AD42C3FB19B62CFE00D191CE /* AppIcon50x50@2x.png */,
				AD42C3FC19B62CFE00D191CE /* AppIcon57x57.png */,
				AD42C3FD19B62CFE00D191CE /* AppIcon57x57@2x.png */,
				AD42C3FE19B62CFE00D191CE /* AppIcon60x60.png */,
				AD42C3FF19B62CFE00D191CE /* AppIcon60x60@2x.png */,
				AD42C40019B62CFE00D191CE /* AppIcon72x72.png */,
				AD42C40119B62CFE00D191CE /* AppIcon72x72@2x.png */,
				AD42C40219B62CFE00D191CE /* AppIcon76x76.png */,
				AD42C40319B62CFE00D191CE /* AppIcon76x76@2x.png */,
				AD42C40419B62CFE00D191CE /* iTunesArtwork.png */,
				AD42C40519B62CFE00D191CE /* iTunesArtwork@2x.png */,
			);
			path = icons;
			sourceTree = "<group>";
		};
		AD42C47219B62ED200D191CE /* RNCryptor */ = {
			isa = PBXGroup;
			children = (
				AD42C47319B62ED200D191CE /* RNCryptor+Private.h */,
				AD42C47419B62ED200D191CE /* RNCryptor-Prefix.pch */,
				AD42C47519B62ED200D191CE /* RNCryptor.h */,
				AD42C47619B62ED200D191CE /* RNCryptor.m */,
				AD42C47719B62ED200D191CE /* RNCryptorEngine.h */,
				AD42C47819B62ED200D191CE /* RNCryptorEngine.m */,
				AD42C47919B62ED200D191CE /* RNDecryptor.h */,
				AD42C47A19B62ED200D191CE /* RNDecryptor.m */,
				AD42C47B19B62ED200D191CE /* RNEncryptor.h */,
				AD42C47C19B62ED200D191CE /* RNEncryptor.m */,
			);
			name = RNCryptor;
			path = Protest/RNCryptor;
			sourceTree = "<group>";
		};
		AD42C48119B62F2500D191CE /* DAKeyboardControl */ = {
			isa = PBXGroup;
			children = (
				AD42C48219B62F2500D191CE /* DAKeyboardControl.h */,
				AD42C48319B62F2500D191CE /* DAKeyboardControl.m */,
			);
			name = DAKeyboardControl;
			path = Protest/DAKeyboardControl;
			sourceTree = "<group>";
		};
		AD42C48519B64AD200D191CE /* Crypto */ = {
			isa = PBXGroup;
			children = (
				AD42C49D19B8D64200D191CE /* FBEncryptorAES.h */,
				AD42C49E19B8D64200D191CE /* FBEncryptorAES.m */,
				AD42C48A19B6872000D191CE /* XRSA.h */,
				AD42C48B19B6872000D191CE /* XRSA.m */,
				AD42C3AB19B62CFE00D191CE /* CryptoManager.h */,
				AD42C3AC19B62CFE00D191CE /* CryptoManager.m */,
			);
			name = Crypto;
			path = ..;
			sourceTree = "<group>";
		};
		AD42C48619B64B0700D191CE /* View Controllers */ = {
			isa = PBXGroup;
			children = (
				AD42C38719B62BF200D191CE /* ViewController.h */,
				AD42C38819B62BF200D191CE /* ViewController.m */,
				AD42C3B319B62CFE00D191CE /* ProtestConfigViewController.h */,
				AD42C3B419B62CFE00D191CE /* ProtestConfigViewController.m */,
				AD42C3A719B62CFE00D191CE /* ChatViewController.h */,
				AD42C3A819B62CFE00D191CE /* ChatViewController.m */,
			);
			name = "View Controllers";
			path = ..;
			sourceTree = "<group>";
		};
		AD42C48719B64B2C00D191CE /* Managers */ = {
			isa = PBXGroup;
			children = (
				AD42C4A319B8E4DA00D191CE /* SRWebSocket.h */,
				AD42C4A419B8E4DA00D191CE /* SRWebSocket.m */,
				AD42C3A919B62CFE00D191CE /* ConnectionManager.h */,
				AD42C3AA19B62CFE00D191CE /* ConnectionManager.m */,
				AD42C3AD19B62CFE00D191CE /* Message.h */,
				AD42C3AE19B62CFE00D191CE /* Message.m */,
				AD42C3AF19B62CFE00D191CE /* MimicManager.h */,
				AD42C3B019B62CFE00D191CE /* MimicManager.m */,
				AD42C3B119B62CFE00D191CE /* Peer.h */,
				AD42C3B219B62CFE00D191CE /* Peer.m */,
			);
			name = Managers;
			path = ..;
			sourceTree = "<group>";
		};
/* End PBXGroup section */

/* Begin PBXNativeTarget section */
		AD42C36B19B62BF200D191CE /* Protest */ = {
			isa = PBXNativeTarget;
			buildConfigurationList = AD42C3A119B62BF200D191CE /* Build configuration list for PBXNativeTarget "Protest" */;
			buildPhases = (
				AD42C36819B62BF200D191CE /* Sources */,
				AD42C36919B62BF200D191CE /* Frameworks */,
				AD42C36A19B62BF200D191CE /* Resources */,
			);
			buildRules = (
			);
			dependencies = (
			);
			name = Protest;
			productName = Protest;
			productReference = AD42C36C19B62BF200D191CE /* Protest.app */;
			productType = "com.apple.product-type.application";
		};
		AD42C38F19B62BF200D191CE /* ProtestTests */ = {
			isa = PBXNativeTarget;
			buildConfigurationList = AD42C3A419B62BF200D191CE /* Build configuration list for PBXNativeTarget "ProtestTests" */;
			buildPhases = (
				AD42C38C19B62BF200D191CE /* Sources */,
				AD42C38D19B62BF200D191CE /* Frameworks */,
				AD42C38E19B62BF200D191CE /* Resources */,
			);
			buildRules = (
			);
			dependencies = (
				AD42C39619B62BF200D191CE /* PBXTargetDependency */,
			);
			name = ProtestTests;
			productName = ProtestTests;
			productReference = AD42C39019B62BF200D191CE /* ProtestTests.xctest */;
			productType = "com.apple.product-type.bundle.unit-test";
		};
/* End PBXNativeTarget section */

/* Begin PBXProject section */
		AD42C36419B62BF200D191CE /* Project object */ = {
			isa = PBXProject;
			attributes = {
				LastUpgradeCheck = 0510;
				ORGANIZATIONNAME = metacupcake;
				TargetAttributes = {
					AD42C38F19B62BF200D191CE = {
						TestTargetID = AD42C36B19B62BF200D191CE;
					};
				};
			};
			buildConfigurationList = AD42C36719B62BF200D191CE /* Build configuration list for PBXProject "Protest" */;
			compatibilityVersion = "Xcode 3.2";
			developmentRegion = English;
			hasScannedForEncodings = 0;
			knownRegions = (
				en,
				Base,
			);
			mainGroup = AD42C36319B62BF200D191CE;
			productRefGroup = AD42C36D19B62BF200D191CE /* Products */;
			projectDirPath = "";
			projectRoot = "";
			targets = (
				AD42C36B19B62BF200D191CE /* Protest */,
				AD42C38F19B62BF200D191CE /* ProtestTests */,
			);
		};
/* End PBXProject section */

/* Begin PBXResourcesBuildPhase section */
		AD42C36A19B62BF200D191CE /* Resources */ = {
			isa = PBXResourcesBuildPhase;
			buildActionMask = 2147483647;
			files = (
				AD42C43A19B62CFE00D191CE /* icon34@2x.png in Resources */,
				AD42C43B19B62CFE00D191CE /* icon35@2x.png in Resources */,
				AD42C44419B62CFE00D191CE /* icon5@2x.png in Resources */,
				AD42C45019B62CFE00D191CE /* greendotlocked.png in Resources */,
				AD42C44E19B62CFE00D191CE /* greendot.png in Resources */,
				AD42C44319B62CFE00D191CE /* icon4@2x.png in Resources */,
				AD42C45F19B62CFE00D191CE /* AppIcon60x60@2x.png in Resources */,
				AD42C46619B62CFE00D191CE /* orangedot.png in Resources */,
				AD42C44919B62CFE00D191CE /* desert.jpg in Resources */,
				AD42C41A19B62CFE00D191CE /* addbutton.png in Resources */,
				AD42C42B19B62CFE00D191CE /* icon20@2x.png in Resources */,
				AD42C44719B62CFE00D191CE /* icon8@2x.png in Resources */,
				AD42C42019B62CFE00D191CE /* icon10@2x.png in Resources */,
				AD42C46419B62CFE00D191CE /* iTunesArtwork.png in Resources */,
				AD42C48E19B68D7F00D191CE /* public_key.der in Resources */,
				AD42C43519B62CFE00D191CE /* icon2@2x.png in Resources */,
				AD42C44F19B62CFE00D191CE /* greendot@2x.png in Resources */,
				AD42C38619B62BF200D191CE /* Main_iPad.storyboard in Resources */,
				AD42C46219B62CFE00D191CE /* AppIcon76x76.png in Resources */,
				AD42C44B19B62CFE00D191CE /* exitbutton@2x.png in Resources */,
				AD42C41B19B62CFE00D191CE /* addbutton@2x.png in Resources */,
				AD42C42119B62CFE00D191CE /* icon11@2x.png in Resources */,
				AD42C45D19B62CFE00D191CE /* AppIcon57x57@2x.png in Resources */,
				AD42C43219B62CFE00D191CE /* icon27@2x.png in Resources */,
				AD42C43E19B62CFE00D191CE /* icon38@2x.png in Resources */,
				AD42C45119B62CFE00D191CE /* greendotlocked@2x.png in Resources */,
				AD42C43719B62CFE00D191CE /* icon31@2x.png in Resources */,
				AD42C46B19B62CFE00D191CE /* rowimage.png in Resources */,
				AD42C45819B62CFE00D191CE /* AppIcon40x40.png in Resources */,
				AD42C43019B62CFE00D191CE /* icon25@2x.png in Resources */,
				AD42C43D19B62CFE00D191CE /* icon37@2x.png in Resources */,
				AD42C43319B62CFE00D191CE /* icon28@2x.png in Resources */,
				AD42C45A19B62CFE00D191CE /* AppIcon50x50.png in Resources */,
				AD42C41D19B62CFE00D191CE /* blue_text_bubble@2x.png in Resources */,
				AD42C42C19B62CFE00D191CE /* icon21@2x.png in Resources */,
				AD42C45E19B62CFE00D191CE /* AppIcon60x60.png in Resources */,
				AD42C46D19B62CFE00D191CE /* white_text_bubble@2x.png in Resources */,
				AD42C42419B62CFE00D191CE /* icon14@2x.png in Resources */,
				AD42C45C19B62CFE00D191CE /* AppIcon57x57.png in Resources */,
				AD42C38B19B62BF200D191CE /* Images.xcassets in Resources */,
				AD42C42F19B62CFE00D191CE /* icon24@2x.png in Resources */,
				AD42C44219B62CFE00D191CE /* icon41@2x.png in Resources */,
				AD42C44519B62CFE00D191CE /* icon6@2x.png in Resources */,
				AD42C42919B62CFE00D191CE /* icon19@2x.png in Resources */,
				AD42C45419B62CFE00D191CE /* header_sans_title.png in Resources */,
				AD42C46119B62CFE00D191CE /* AppIcon72x72@2x.png in Resources */,
				AD42C46019B62CFE00D191CE /* AppIcon72x72.png in Resources */,
				AD42C44A19B62CFE00D191CE /* exitbutton.png in Resources */,
				AD42C42519B62CFE00D191CE /* icon15@2x.png in Resources */,
				AD42C44119B62CFE00D191CE /* icon40@2x.png in Resources */,
				AD42C45619B62CFE00D191CE /* AppIcon29x29.png in Resources */,
				AD42C38319B62BF200D191CE /* Main_iPhone.storyboard in Resources */,
				AD42C42819B62CFE00D191CE /* icon18@2x.png in Resources */,
				AD42C45219B62CFE00D191CE /* header.png in Resources */,
				AD42C46519B62CFE00D191CE /* iTunesArtwork@2x.png in Resources */,
				AD42C42D19B62CFE00D191CE /* icon22@2x.png in Resources */,
				AD42C44819B62CFE00D191CE /* icon9@2x.png in Resources */,
				AD42C45319B62CFE00D191CE /* header@2x.png in Resources */,
				AD42C42E19B62CFE00D191CE /* icon23@2x.png in Resources */,
				AD42C43119B62CFE00D191CE /* icon26@2x.png in Resources */,
				AD42C45B19B62CFE00D191CE /* AppIcon50x50@2x.png in Resources */,
				AD42C44D19B62CFE00D191CE /* Gotham-Medium.otf in Resources */,
				AD42C43C19B62CFE00D191CE /* icon36@2x.png in Resources */,
				AD42C43619B62CFE00D191CE /* icon30@2x.png in Resources */,
				AD42C46719B62CFE00D191CE /* orangedot@2x.png in Resources */,
				AD42C42219B62CFE00D191CE /* icon12@2x.png in Resources */,
				AD42C44C19B62CFE00D191CE /* FuturaStd-Medium.otf in Resources */,
				AD42C43819B62CFE00D191CE /* icon32@2x.png in Resources */,
				AD42C46819B62CFE00D191CE /* orangedotlocked.png in Resources */,
				AD42C46319B62CFE00D191CE /* AppIcon76x76@2x.png in Resources */,
				AD42C45519B62CFE00D191CE /* header_sans_title@2x.png in Resources */,
				AD42C45919B62CFE00D191CE /* AppIcon40x40@2x.png in Resources */,
				AD42C43419B62CFE00D191CE /* icon29@2x.png in Resources */,
				AD42C46C19B62CFE00D191CE /* white_text_bubble.png in Resources */,
				AD42C42619B62CFE00D191CE /* icon16@2x.png in Resources */,
				AD42C44619B62CFE00D191CE /* icon7@2x.png in Resources */,
				AD42C42319B62CFE00D191CE /* icon13@2x.png in Resources */,
				AD42C41C19B62CFE00D191CE /* blue_text_bubble.png in Resources */,
				AD42C37A19B62BF200D191CE /* InfoPlist.strings in Resources */,
				AD42C44019B62CFE00D191CE /* icon3@2x.png in Resources */,
				AD42C43919B62CFE00D191CE /* icon33@2x.png in Resources */,
				AD42C43F19B62CFE00D191CE /* icon39@2x.png in Resources */,
				AD42C46919B62CFE00D191CE /* orangedotlocked@2x.png in Resources */,
				AD42C42A19B62CFE00D191CE /* icon1@2x.png in Resources */,
				AD42C45719B62CFE00D191CE /* AppIcon29x29@2x.png in Resources */,
				AD42C42719B62CFE00D191CE /* icon17@2x.png in Resources */,
			);
			runOnlyForDeploymentPostprocessing = 0;
		};
		AD42C38E19B62BF200D191CE /* Resources */ = {
			isa = PBXResourcesBuildPhase;
			buildActionMask = 2147483647;
			files = (
				AD42C39C19B62BF200D191CE /* InfoPlist.strings in Resources */,
			);
			runOnlyForDeploymentPostprocessing = 0;
		};
/* End PBXResourcesBuildPhase section */

/* Begin PBXSourcesBuildPhase section */
		AD42C36819B62BF200D191CE /* Sources */ = {
			isa = PBXSourcesBuildPhase;
			buildActionMask = 2147483647;
			files = (
				AD42C38919B62BF200D191CE /* ViewController.m in Sources */,
				AD42C38019B62BF200D191CE /* AppDelegate.m in Sources */,
				AD42C41819B62CFE00D191CE /* ProtestConfigViewController.m in Sources */,
				AD42C47E19B62ED200D191CE /* RNCryptorEngine.m in Sources */,
				AD42C47F19B62ED200D191CE /* RNDecryptor.m in Sources */,
				AD42C47D19B62ED200D191CE /* RNCryptor.m in Sources */,
				AD42C48019B62ED200D191CE /* RNEncryptor.m in Sources */,
				AD42C41419B62CFE00D191CE /* CryptoManager.m in Sources */,
				AD42C49F19B8D64200D191CE /* FBEncryptorAES.m in Sources */,
				AD42C48C19B6872000D191CE /* XRSA.m in Sources */,
				AD42C4A519B8E4DA00D191CE /* SRWebSocket.m in Sources */,
				AD42C41619B62CFE00D191CE /* MimicManager.m in Sources */,
				AD42C41519B62CFE00D191CE /* Message.m in Sources */,
				AD42C41719B62CFE00D191CE /* Peer.m in Sources */,
				AD42C41319B62CFE00D191CE /* ConnectionManager.m in Sources */,
				AD42C41219B62CFE00D191CE /* ChatViewController.m in Sources */,
				AD42C48419B62F2500D191CE /* DAKeyboardControl.m in Sources */,
				AD42C37C19B62BF200D191CE /* main.m in Sources */,
			);
			runOnlyForDeploymentPostprocessing = 0;
		};
		AD42C38C19B62BF200D191CE /* Sources */ = {
			isa = PBXSourcesBuildPhase;
			buildActionMask = 2147483647;
			files = (
				AD42C39E19B62BF200D191CE /* ProtestTests.m in Sources */,
			);
			runOnlyForDeploymentPostprocessing = 0;
		};
/* End PBXSourcesBuildPhase section */

/* Begin PBXTargetDependency section */
		AD42C39619B62BF200D191CE /* PBXTargetDependency */ = {
			isa = PBXTargetDependency;
			target = AD42C36B19B62BF200D191CE /* Protest */;
			targetProxy = AD42C39519B62BF200D191CE /* PBXContainerItemProxy */;
		};
/* End PBXTargetDependency section */

/* Begin PBXVariantGroup section */
		AD42C37819B62BF200D191CE /* InfoPlist.strings */ = {
			isa = PBXVariantGroup;
			children = (
				AD42C37919B62BF200D191CE /* en */,
			);
			name = InfoPlist.strings;
			sourceTree = "<group>";
		};
		AD42C38119B62BF200D191CE /* Main_iPhone.storyboard */ = {
			isa = PBXVariantGroup;
			children = (
				AD42C38219B62BF200D191CE /* Base */,
			);
			name = Main_iPhone.storyboard;
			sourceTree = "<group>";
		};
		AD42C38419B62BF200D191CE /* Main_iPad.storyboard */ = {
			isa = PBXVariantGroup;
			children = (
				AD42C38519B62BF200D191CE /* Base */,
			);
			name = Main_iPad.storyboard;
			sourceTree = "<group>";
		};
		AD42C39A19B62BF200D191CE /* InfoPlist.strings */ = {
			isa = PBXVariantGroup;
			children = (
				AD42C39B19B62BF200D191CE /* en */,
			);
			name = InfoPlist.strings;
			sourceTree = "<group>";
		};
/* End PBXVariantGroup section */

/* Begin XCBuildConfiguration section */
		AD42C39F19B62BF200D191CE /* Debug */ = {
			isa = XCBuildConfiguration;
			buildSettings = {
				ALWAYS_SEARCH_USER_PATHS = NO;
				CLANG_CXX_LANGUAGE_STANDARD = "gnu++0x";
				CLANG_CXX_LIBRARY = "libc++";
				CLANG_ENABLE_MODULES = YES;
				CLANG_ENABLE_OBJC_ARC = YES;
				CLANG_WARN_BOOL_CONVERSION = YES;
				CLANG_WARN_CONSTANT_CONVERSION = YES;
				CLANG_WARN_DIRECT_OBJC_ISA_USAGE = YES_ERROR;
				CLANG_WARN_EMPTY_BODY = YES;
				CLANG_WARN_ENUM_CONVERSION = YES;
				CLANG_WARN_INT_CONVERSION = YES;
				CLANG_WARN_OBJC_ROOT_CLASS = YES_ERROR;
				CLANG_WARN__DUPLICATE_METHOD_MATCH = YES;
				"CODE_SIGN_IDENTITY[sdk=iphoneos*]" = "iPhone Developer";
				COPY_PHASE_STRIP = NO;
				GCC_C_LANGUAGE_STANDARD = gnu99;
				GCC_DYNAMIC_NO_PIC = NO;
				GCC_OPTIMIZATION_LEVEL = 0;
				GCC_PREPROCESSOR_DEFINITIONS = (
					"DEBUG=1",
					"$(inherited)",
				);
				GCC_SYMBOLS_PRIVATE_EXTERN = NO;
				GCC_WARN_64_TO_32_BIT_CONVERSION = YES;
				GCC_WARN_ABOUT_RETURN_TYPE = YES_ERROR;
				GCC_WARN_UNDECLARED_SELECTOR = YES;
				GCC_WARN_UNINITIALIZED_AUTOS = YES_AGGRESSIVE;
				GCC_WARN_UNUSED_FUNCTION = YES;
				GCC_WARN_UNUSED_VARIABLE = YES;
				IPHONEOS_DEPLOYMENT_TARGET = 7.1;
				ONLY_ACTIVE_ARCH = YES;
				SDKROOT = iphoneos;
				TARGETED_DEVICE_FAMILY = "1,2";
			};
			name = Debug;
		};
		AD42C3A019B62BF200D191CE /* Release */ = {
			isa = XCBuildConfiguration;
			buildSettings = {
				ALWAYS_SEARCH_USER_PATHS = NO;
				CLANG_CXX_LANGUAGE_STANDARD = "gnu++0x";
				CLANG_CXX_LIBRARY = "libc++";
				CLANG_ENABLE_MODULES = YES;
				CLANG_ENABLE_OBJC_ARC = YES;
				CLANG_WARN_BOOL_CONVERSION = YES;
				CLANG_WARN_CONSTANT_CONVERSION = YES;
				CLANG_WARN_DIRECT_OBJC_ISA_USAGE = YES_ERROR;
				CLANG_WARN_EMPTY_BODY = YES;
				CLANG_WARN_ENUM_CONVERSION = YES;
				CLANG_WARN_INT_CONVERSION = YES;
				CLANG_WARN_OBJC_ROOT_CLASS = YES_ERROR;
				CLANG_WARN__DUPLICATE_METHOD_MATCH = YES;
				"CODE_SIGN_IDENTITY[sdk=iphoneos*]" = "iPhone Developer";
				COPY_PHASE_STRIP = YES;
				ENABLE_NS_ASSERTIONS = NO;
				GCC_C_LANGUAGE_STANDARD = gnu99;
				GCC_WARN_64_TO_32_BIT_CONVERSION = YES;
				GCC_WARN_ABOUT_RETURN_TYPE = YES_ERROR;
				GCC_WARN_UNDECLARED_SELECTOR = YES;
				GCC_WARN_UNINITIALIZED_AUTOS = YES_AGGRESSIVE;
				GCC_WARN_UNUSED_FUNCTION = YES;
				GCC_WARN_UNUSED_VARIABLE = YES;
				IPHONEOS_DEPLOYMENT_TARGET = 7.1;
				SDKROOT = iphoneos;
				TARGETED_DEVICE_FAMILY = "1,2";
				VALIDATE_PRODUCT = YES;
			};
			name = Release;
		};
		AD42C3A219B62BF200D191CE /* Debug */ = {
			isa = XCBuildConfiguration;
			buildSettings = {
				ASSETCATALOG_COMPILER_APPICON_NAME = AppIcon;
				ASSETCATALOG_COMPILER_LAUNCHIMAGE_NAME = LaunchImage;
				GCC_PRECOMPILE_PREFIX_HEADER = YES;
				GCC_PREFIX_HEADER = "Protest/Protest-Prefix.pch";
				INFOPLIST_FILE = "Protest/Protest-Info.plist";
				PRODUCT_NAME = "$(TARGET_NAME)";
				WRAPPER_EXTENSION = app;
			};
			name = Debug;
		};
		AD42C3A319B62BF200D191CE /* Release */ = {
			isa = XCBuildConfiguration;
			buildSettings = {
				ASSETCATALOG_COMPILER_APPICON_NAME = AppIcon;
				ASSETCATALOG_COMPILER_LAUNCHIMAGE_NAME = LaunchImage;
				GCC_PRECOMPILE_PREFIX_HEADER = YES;
				GCC_PREFIX_HEADER = "Protest/Protest-Prefix.pch";
				INFOPLIST_FILE = "Protest/Protest-Info.plist";
				PRODUCT_NAME = "$(TARGET_NAME)";
				WRAPPER_EXTENSION = app;
			};
			name = Release;
		};
		AD42C3A519B62BF200D191CE /* Debug */ = {
			isa = XCBuildConfiguration;
			buildSettings = {
				BUNDLE_LOADER = "$(BUILT_PRODUCTS_DIR)/Protest.app/Protest";
				FRAMEWORK_SEARCH_PATHS = (
					"$(SDKROOT)/Developer/Library/Frameworks",
					"$(inherited)",
					"$(DEVELOPER_FRAMEWORKS_DIR)",
				);
				GCC_PRECOMPILE_PREFIX_HEADER = YES;
				GCC_PREFIX_HEADER = "Protest/Protest-Prefix.pch";
				GCC_PREPROCESSOR_DEFINITIONS = (
					"DEBUG=1",
					"$(inherited)",
				);
				INFOPLIST_FILE = "ProtestTests/ProtestTests-Info.plist";
				PRODUCT_NAME = "$(TARGET_NAME)";
				TEST_HOST = "$(BUNDLE_LOADER)";
				WRAPPER_EXTENSION = xctest;
			};
			name = Debug;
		};
		AD42C3A619B62BF200D191CE /* Release */ = {
			isa = XCBuildConfiguration;
			buildSettings = {
				BUNDLE_LOADER = "$(BUILT_PRODUCTS_DIR)/Protest.app/Protest";
				FRAMEWORK_SEARCH_PATHS = (
					"$(SDKROOT)/Developer/Library/Frameworks",
					"$(inherited)",
					"$(DEVELOPER_FRAMEWORKS_DIR)",
				);
				GCC_PRECOMPILE_PREFIX_HEADER = YES;
				GCC_PREFIX_HEADER = "Protest/Protest-Prefix.pch";
				INFOPLIST_FILE = "ProtestTests/ProtestTests-Info.plist";
				PRODUCT_NAME = "$(TARGET_NAME)";
				TEST_HOST = "$(BUNDLE_LOADER)";
				WRAPPER_EXTENSION = xctest;
			};
			name = Release;
		};
/* End XCBuildConfiguration section */

/* Begin XCConfigurationList section */
		AD42C36719B62BF200D191CE /* Build configuration list for PBXProject "Protest" */ = {
			isa = XCConfigurationList;
			buildConfigurations = (
				AD42C39F19B62BF200D191CE /* Debug */,
				AD42C3A019B62BF200D191CE /* Release */,
			);
			defaultConfigurationIsVisible = 0;
			defaultConfigurationName = Release;
		};
		AD42C3A119B62BF200D191CE /* Build configuration list for PBXNativeTarget "Protest" */ = {
			isa = XCConfigurationList;
			buildConfigurations = (
				AD42C3A219B62BF200D191CE /* Debug */,
				AD42C3A319B62BF200D191CE /* Release */,
			);
			defaultConfigurationIsVisible = 0;
			defaultConfigurationName = Release;
		};
		AD42C3A419B62BF200D191CE /* Build configuration list for PBXNativeTarget "ProtestTests" */ = {
			isa = XCConfigurationList;
			buildConfigurations = (
				AD42C3A519B62BF200D191CE /* Debug */,
				AD42C3A619B62BF200D191CE /* Release */,
			);
			defaultConfigurationIsVisible = 0;
			defaultConfigurationName = Release;
		};
/* End XCConfigurationList section */
	};
	rootObject = AD42C36419B62BF200D191CE /* Project object */;
}
